<?xml version="1.0" encoding="utf-8"?>
<Project xmlns="http://schemas.microsoft.com/developer/msbuild/2003" ToolsVersion="4.0">
  <ItemGroup>
    <Filter Include="Header Files">
      <UniqueIdentifier>{4D1BFFCC-9CEB-4ABF-A951-582870FE71FD}</UniqueIdentifier>
      <Extensions>h;hpp;hxx;hm;inl;inc;xsd</Extensions>
    </Filter>
    <Filter Include="Header Files\TouchGFX">
      <UniqueIdentifier>{29C60541-803D-4F43-8683-028D9DA5E0CB}</UniqueIdentifier>
    </Filter>
    <Filter Include="Header Files\TouchGFX\common">
      <UniqueIdentifier>{AF2BF67C-89EC-4545-B0D2-5BD6803628D4}</UniqueIdentifier>
    </Filter>
    <Filter Include="Header Files\TouchGFX\mvp">
      <UniqueIdentifier>{A8F51E02-A400-49F1-AC86-371872A7E5E6}</UniqueIdentifier>
    </Filter>
    <Filter Include="Header Files\TouchGFX\platform">
      <UniqueIdentifier>{493CF637-721C-4516-8638-3EE4790FB455}</UniqueIdentifier>
    </Filter>
    <Filter Include="Header Files\TouchGFX\touchgfx">
      <UniqueIdentifier>{7187028B-6482-4EB3-8556-EECD38E0636B}</UniqueIdentifier>
    </Filter>
    <Filter Include="Header Files\TouchGFX\platform\driver">
      <UniqueIdentifier>{D2E6B448-6B79-434F-A8EB-C8F8415957E9}</UniqueIdentifier>
    </Filter>
    <Filter Include="Header Files\TouchGFX\platform\hal">
      <UniqueIdentifier>{07737357-9365-4A8F-B2F6-908B5FC4E808}</UniqueIdentifier>
    </Filter>
    <Filter Include="Header Files\TouchGFX\touchgfx\canvas_widget_renderer">
      <UniqueIdentifier>{085B248B-6BE1-4BF8-9913-35526BAEE4C7}</UniqueIdentifier>
    </Filter>
    <Filter Include="Header Files\TouchGFX\touchgfx\containers">
      <UniqueIdentifier>{E08C6B18-2F0E-4861-87D5-80FB0411017E}</UniqueIdentifier>
    </Filter>
    <Filter Include="Header Files\TouchGFX\touchgfx\events">
      <UniqueIdentifier>{29D72404-E5CB-472C-B00F-3784DF3CCD1E}</UniqueIdentifier>
    </Filter>
    <Filter Include="Header Files\TouchGFX\touchgfx\hal">
      <UniqueIdentifier>{09561B72-532B-45EB-8E32-CAA31C349F83}</UniqueIdentifier>
    </Filter>
    <Filter Include="Header Files\TouchGFX\touchgfx\lcd">
      <UniqueIdentifier>{A89B6308-CBC1-48EC-BF14-B3C6106FACCE}</UniqueIdentifier>
    </Filter>
    <Filter Include="Header Files\TouchGFX\touchgfx\mixins">
      <UniqueIdentifier>{DB82A963-BE52-4494-BD5E-358C5E79C081}</UniqueIdentifier>
    </Filter>
    <Filter Include="Header Files\TouchGFX\touchgfx\transforms">
      <UniqueIdentifier>{509E01BB-FBF4-4198-B748-936C1B67839A}</UniqueIdentifier>
    </Filter>
    <Filter Include="Header Files\TouchGFX\touchgfx\transitions">
      <UniqueIdentifier>{3F023E56-225A-4D4C-9D20-74447A23BAD9}</UniqueIdentifier>
    </Filter>
    <Filter Include="Header Files\TouchGFX\touchgfx\widgets">
      <UniqueIdentifier>{0E9A8FD3-B71B-46B9-B1F6-3A18292FFAC4}</UniqueIdentifier>
    </Filter>
    <Filter Include="Header Files\TouchGFX\platform\driver\lcd">
      <UniqueIdentifier>{9B32A742-EBA9-4EBA-832E-0421D7E68BC5}</UniqueIdentifier>
    </Filter>
    <Filter Include="Header Files\TouchGFX\platform\driver\touch">
      <UniqueIdentifier>{8C31441B-2191-4B32-869D-7B253AECB28F}</UniqueIdentifier>
    </Filter>
    <Filter Include="Header Files\TouchGFX\platform\hal\simulator">
      <UniqueIdentifier>{464CC9FB-AFF6-4FFA-B4D8-BCAC4B2B8898}</UniqueIdentifier>
    </Filter>
    <Filter Include="Header Files\TouchGFX\touchgfx\containers\clock">
      <UniqueIdentifier>{B7237C13-DD69-4F78-8446-9A554431E3F8}</UniqueIdentifier>
    </Filter>
    <Filter Include="Header Files\TouchGFX\touchgfx\containers\progress_indicators">
      <UniqueIdentifier>{5E0E884F-0059-4306-94BA-3197219750E3}</UniqueIdentifier>
    </Filter>
    <Filter Include="Header Files\TouchGFX\touchgfx\widgets\canvas">
      <UniqueIdentifier>{DBFF640A-BD63-40BC-A0A5-2468BC461037}</UniqueIdentifier>
    </Filter>
    <Filter Include="Header Files\TouchGFX\platform\hal\simulator\sdl2">
      <UniqueIdentifier>{EA3962C0-553C-4CFD-A89B-A116A9493818}</UniqueIdentifier>
    </Filter>
    <Filter Include="Header Files\generated">
      <UniqueIdentifier>{29C60541-803D-4F44-8783-028D9DA5E0CC}</UniqueIdentifier>
    </Filter>
    <Filter Include="Header Files\generated\simulator">
      <UniqueIdentifier>{29C60541-803D-4F43-8683-028D9DA5E0CC}</UniqueIdentifier>
    </Filter>
    <Filter Include="Resource Files">
      <UniqueIdentifier>{92BBFF14-FBDB-4755-BA47-A830D863D92B}</UniqueIdentifier>
      <Extensions>rc;ico;cur;bmp;dlg;rc2;rct;bin;rgs;gif;jpg;jpeg;jpe;resx;tiff;tif;ttf;otf;bdf;png;wav;xlsx;props;mfcribbon-ms</Extensions>
    </Filter>
    <Filter Include="Resource Files\assets">
      <UniqueIdentifier>{AF899B0F-78BE-47F9-A912-E92CB9156E40}</UniqueIdentifier>
    </Filter>
    <Filter Include="Resource Files\config">
      <UniqueIdentifier>{29E8A9F8-6504-4625-AB47-671A3F665E51}</UniqueIdentifier>
    </Filter>
    <Filter Include="Resource Files\assets\texts">
      <UniqueIdentifier>{382278FD-2B19-4E89-AE4F-24AF77E7A270}</UniqueIdentifier>
    </Filter>
    <Filter Include="Resource Files\config\msvs">
      <UniqueIdentifier>{C24EAEDB-9A3F-43DC-87FB-C7AC2729A078}</UniqueIdentifier>
    </Filter>
    <Filter Include="Source Files">
      <UniqueIdentifier>{2F3FC0AA-97C4-4366-9939-94A0FF4E028C}</UniqueIdentifier>
      <Extensions>cpp;c;cc;cxx;def;odl;idl;hpj;bat;asm;asmx</Extensions>
    </Filter>
    <Filter Include="Source Files\TouchGFX">
      <UniqueIdentifier>{C07B02A9-A55E-47AA-AD61-59A6AAD754E6}</UniqueIdentifier>
    </Filter>
    <Filter Include="Source Files\TouchGFX\platform">
      <UniqueIdentifier>{33EDC2DB-AF72-480C-92E5-2A2833BCAB6F}</UniqueIdentifier>
    </Filter>
    <Filter Include="Source Files\TouchGFX\platform\driver">
      <UniqueIdentifier>{1D8EFD90-430A-4539-9080-16A38861D20A}</UniqueIdentifier>
    </Filter>
    <Filter Include="Source Files\TouchGFX\platform\hal">
      <UniqueIdentifier>{E8DECBF2-0C8E-4397-8603-3101D6F922D6}</UniqueIdentifier>
    </Filter>
    <Filter Include="Source Files\TouchGFX\platform\driver\touch">
      <UniqueIdentifier>{40F0D55D-79D9-488A-AF83-ADC96179EADF}</UniqueIdentifier>
    </Filter>
    <Filter Include="Source Files\TouchGFX\platform\hal\simulator">
      <UniqueIdentifier>{3FB50DD5-31DA-4042-B7FD-2151C58CDA80}</UniqueIdentifier>
    </Filter>
    <Filter Include="Source Files\TouchGFX\platform\hal\simulator\sdl2">
      <UniqueIdentifier>{B48CB42B-0F9E-4815-BFE1-1ACC1150ED8A}</UniqueIdentifier>
    </Filter>
    <Filter Include="Source Files\simulator">
      <UniqueIdentifier>{C07B03A9-A55E-47AA-AD61-59A6AAD754E6}</UniqueIdentifier>
    </Filter>
    <Filter Include="Source Files\generated">
      <UniqueIdentifier>{C07B02B9-A55E-47AB-AD61-59A6AAD754E6}</UniqueIdentifier>
    </Filter>
    <Filter Include="Source Files\generated\simulator">
      <UniqueIdentifier>{C07B02B9-A55E-47AA-AD61-59A6AAD754E6}</UniqueIdentifier>
    </Filter>
    <Filter Include="Source Files\gui">
      <UniqueIdentifier>23861AB1-EA3C-396C-14A5-5D1AE5892011</UniqueIdentifier>
    </Filter>
    <Filter Include="Header Files\gui">
      <UniqueIdentifier>59C0C19B-5009-D943-5C37-85416E92616E</UniqueIdentifier>
    </Filter>
    <Filter Include="Source Files\generated\gui_generated">
      <UniqueIdentifier>D9DD92D7-6F2A-FF11-77DD-1DCCAB1E316D</UniqueIdentifier>
    </Filter>
    <Filter Include="Header Files\generated\gui_generated">
      <UniqueIdentifier>BADBA3CB-E738-224C-2A14-3A7B912CF680</UniqueIdentifier>
    </Filter>
    <Filter Include="Source Files\gui\common">
      <UniqueIdentifier>6F86CD38-E3F4-3B0B-038F-3FAEE50F545F</UniqueIdentifier>
    </Filter>
    <Filter Include="Header Files\gui\model">
      <UniqueIdentifier>ADACCA4C-F6A3-5C05-775E-41BE2A3D241E</UniqueIdentifier>
    </Filter>
    <Filter Include="Source Files\gui\model">
      <UniqueIdentifier>D6531864-DDDA-9EF4-BCA3-4145EC205241</UniqueIdentifier>
    </Filter>
    <Filter Include="Header Files\gui\common">
      <UniqueIdentifier>B7D19684-2732-EAED-12B6-40DA67C92E40</UniqueIdentifier>
    </Filter>
    <Filter Include="Source Files\generated\gui_generated\common">
      <UniqueIdentifier>E9B430B6-86AA-EF55-5831-93B566028E6C</UniqueIdentifier>
    </Filter>
    <Filter Include="Header Files\generated\gui_generated\common">
      <UniqueIdentifier>61931FB1-8434-A0E3-5B88-146605420742</UniqueIdentifier>
    </Filter>
    <Filter Include="Header Files\gui\containers">
      <UniqueIdentifier>D0FD6578-3081-73C2-17AF-8559D74FD7DB</UniqueIdentifier>
    </Filter>
    <Filter Include="Header Files\gui\manual_screen">
      <UniqueIdentifier>8D900ECF-B327-9971-D009-70227985EB96</UniqueIdentifier>
    </Filter>
    <Filter Include="Source Files\gui\containers">
      <UniqueIdentifier>C8F6ACF6-A954-8744-7630-9DE366627F77</UniqueIdentifier>
    </Filter>
    <Filter Include="Source Files\gui\manual_screen">
      <UniqueIdentifier>BDA51140-1DFB-2D6A-B1B6-785264135EA0</UniqueIdentifier>
    </Filter>
    <Filter Include="Header Files\gui\maintenance_screen">
      <UniqueIdentifier>B60A50CF-16CB-4CBC-DC4F-7F893854A8FD</UniqueIdentifier>
    </Filter>
    <Filter Include="Source Files\gui\maintenance_screen">
      <UniqueIdentifier>CA89834C-BFB1-628B-C177-7C2BAB695E8A</UniqueIdentifier>
    </Filter>
    <Filter Include="Source Files\gui\druglibrary_screen">
      <UniqueIdentifier>E7883BF8-E13E-0365-2199-AC55FF250A6C</UniqueIdentifier>
    </Filter>
    <Filter Include="Header Files\gui\druglibrary_screen">
      <UniqueIdentifier>861AB341-18D7-8BF6-A66F-F1EEB16DED33</UniqueIdentifier>
    </Filter>
    <Filter Include="Header Files\gui\battery_screen">
      <UniqueIdentifier>4851EF3D-093C-AB89-7C8C-6B0045FA6959</UniqueIdentifier>
    </Filter>
    <Filter Include="Source Files\gui\battery_screen">
      <UniqueIdentifier>CF95DFF3-8337-42A5-0F17-18F3DDEC45D6</UniqueIdentifier>
    </Filter>
    <Filter Include="Header Files\gui\keyboardnb_screen">
      <UniqueIdentifier>2BE30E32-2B80-BF42-1CE2-999D20E64B6E</UniqueIdentifier>
    </Filter>
    <Filter Include="Source Files\gui\keyboardnb_screen">
      <UniqueIdentifier>7EBF1309-58EA-5A63-F71B-4E59CD1B7F91</UniqueIdentifier>
    </Filter>
    <Filter Include="Source Files\gui\genderchoice_screen">
      <UniqueIdentifier>47660233-45CE-4453-716D-AD1EFEEB61E7</UniqueIdentifier>
    </Filter>
    <Filter Include="Header Files\gui\genderchoice_screen">
      <UniqueIdentifier>61C9E39E-5851-8590-D682-E78C5E3AE0C0</UniqueIdentifier>
    </Filter>
    <Filter Include="Source Files\gui\startup_screen">
      <UniqueIdentifier>ED01A688-33EF-1716-7DDA-DCC3E8F61A37</UniqueIdentifier>
    </Filter>
    <Filter Include="Header Files\gui\startup_screen">
      <UniqueIdentifier>74FB6F64-63F2-B1B9-45C7-21C8D5E52BC5</UniqueIdentifier>
    </Filter>
    <Filter Include="Header Files\generated\gui_generated\startup_screen">
      <UniqueIdentifier>45887B8A-2850-B306-6F42-D04B33E8FAE7</UniqueIdentifier>
    </Filter>
    <Filter Include="Source Files\generated\gui_generated\startup_screen">
      <UniqueIdentifier>83AC179D-29C8-C5C5-A076-A1A6039E4158</UniqueIdentifier>
    </Filter>
    <Filter Include="Header Files\generated\gui_generated\genderchoice_screen">
      <UniqueIdentifier>C082D0DC-5545-4CEE-6E71-0F0744970259</UniqueIdentifier>
    </Filter>
    <Filter Include="Source Files\generated\gui_generated\genderchoice_screen">
      <UniqueIdentifier>83035941-4D21-34CE-649B-D44BB672B368</UniqueIdentifier>
    </Filter>
    <Filter Include="Header Files\generated\simulator\include">
      <UniqueIdentifier>50006983-2543-23BA-FBD5-D02396443645</UniqueIdentifier>
    </Filter>
    <Filter Include="Source Files\generated\simulator\video">
      <UniqueIdentifier>DC3E9614-83B1-2F29-5B2C-6BF4390FC332</UniqueIdentifier>
    </Filter>
    <Filter Include="Header Files\generated\gui_generated\containers">
      <UniqueIdentifier>67019FDC-636D-857A-90C1-2280E60F91E0</UniqueIdentifier>
    </Filter>
    <Filter Include="Source Files\generated\gui_generated\battery_screen">
      <UniqueIdentifier>11D59850-B554-F42A-4AEF-44E4AA248E77</UniqueIdentifier>
    </Filter>
    <Filter Include="Source Files\generated\gui_generated\containers">
      <UniqueIdentifier>67D9A798-176E-4893-2DC9-643BC0EE837D</UniqueIdentifier>
    </Filter>
    <Filter Include="Header Files\generated\gui_generated\battery_screen">
      <UniqueIdentifier>66DFE6BD-D485-78C2-547E-873E2D8EF63B</UniqueIdentifier>
    </Filter>
    <Filter Include="Header Files\generated\gui_generated\manual_screen">
      <UniqueIdentifier>1912D4CE-D8F6-F8F9-74AE-F12B1817D0B0</UniqueIdentifier>
    </Filter>
    <Filter Include="Source Files\generated\gui_generated\manual_screen">
      <UniqueIdentifier>4B004C99-7CC6-4942-D3E2-E8ABF65AFBB3</UniqueIdentifier>
    </Filter>
    <Filter Include="Header Files\generated\gui_generated\maintenance_screen">
      <UniqueIdentifier>362EF367-E254-0406-971F-F6037626BCE7</UniqueIdentifier>
    </Filter>
    <Filter Include="Source Files\generated\gui_generated\maintenance_screen">
      <UniqueIdentifier>E5C3B908-E31B-9F11-5C0A-F2479BF7983B</UniqueIdentifier>
    </Filter>
    <Filter Include="Source Files\generated\gui_generated\druglibrary_screen">
      <UniqueIdentifier>DFBE2D31-242A-A696-F40F-309B2B032E18</UniqueIdentifier>
    </Filter>
    <Filter Include="Header Files\generated\gui_generated\druglibrary_screen">
      <UniqueIdentifier>80822DC1-F056-C6E5-C5DA-71F36E608417</UniqueIdentifier>
    </Filter>
    <Filter Include="Header Files\generated\gui_generated\keyboardnb_screen">
      <UniqueIdentifier>56787A6E-2900-1918-B7CF-6F9B462E80DB</UniqueIdentifier>
    </Filter>
    <Filter Include="Source Files\generated\gui_generated\keyboardnb_screen">
      <UniqueIdentifier>C0B6479F-4642-C93E-4C50-04140AA0C165</UniqueIdentifier>
    </Filter>
    <Filter Include="Header Files\generated\simulator\include\simulator">
      <UniqueIdentifier>79F4346D-555C-DA2C-3DA2-452186EF9A82</UniqueIdentifier>
    </Filter>
    <Filter Include="Header Files\generated\simulator\include\simulator\video">
      <UniqueIdentifier>548DFF6D-24F9-B44A-45BD-87330727C3D7</UniqueIdentifier>
    </Filter>
    <Filter Include="Source Files\gui\settings_time_date_screen">
      <UniqueIdentifier>927260FE-5D69-CAD0-8F84-AF5AA500703B</UniqueIdentifier>
    </Filter>
    <Filter Include="Header Files\gui\settings_time_date_screen">
      <UniqueIdentifier>A1E48A57-C88F-4B04-FFAD-9ECB569D09C6</UniqueIdentifier>
    </Filter>
    <Filter Include="Header Files\gui\lockscreen_screen">
      <UniqueIdentifier>5579FC8C-8C6C-88FB-C569-96B161CEE20B</UniqueIdentifier>
    </Filter>
    <Filter Include="Source Files\gui\lockscreen_screen">
      <UniqueIdentifier>F70BDA28-F324-0670-0B36-7C1A6DB57529</UniqueIdentifier>
    </Filter>
    <Filter Include="Source Files\generated\gui_generated\lockscreen_screen">
      <UniqueIdentifier>4AF2D58F-C311-8DA9-92FA-588C5B381222</UniqueIdentifier>
    </Filter>
    <Filter Include="Header Files\generated\gui_generated\lockscreen_screen">
      <UniqueIdentifier>8B7B53F7-DC6F-CA33-84DA-AEEDC0DD918A</UniqueIdentifier>
    </Filter>
    <Filter Include="Header Files\generated\gui_generated\settings_time_date_screen">
      <UniqueIdentifier>12E3348A-C56F-6AB7-70C2-6B3A03C64688</UniqueIdentifier>
    </Filter>
    <Filter Include="Source Files\generated\gui_generated\settings_time_date_screen">
      <UniqueIdentifier>FD4C5CF4-3DF9-B745-0597-4DE918036DBF</UniqueIdentifier>
    </Filter>
    <Filter Include="Header Files\gui\timeparam_screen">
      <UniqueIdentifier>F8E5138C-925E-6271-6AF2-7254A5CEAF59</UniqueIdentifier>
    </Filter>
    <Filter Include="Source Files\gui\timeparam_screen">
      <UniqueIdentifier>96CC140C-8DAA-80E0-0502-8F49F885F6CD</UniqueIdentifier>
    </Filter>
    <Filter Include="Source Files\gui\functiongeneration_screen">
      <UniqueIdentifier>575156CD-47E8-9CC4-1D20-8019D2092391</UniqueIdentifier>
    </Filter>
    <Filter Include="Header Files\gui\testversion_screen">
      <UniqueIdentifier>D122E96B-4377-13CF-1ED7-43F35EDF7F83</UniqueIdentifier>
    </Filter>
    <Filter Include="Header Files\gui\functiongeneration_screen">
      <UniqueIdentifier>0216526B-9F47-0510-3E9B-B456BD357D93</UniqueIdentifier>
    </Filter>
    <Filter Include="Header Files\gui\intro_screen">
      <UniqueIdentifier>E91E4E7F-12D8-2BA3-9359-61223F5CE048</UniqueIdentifier>
    </Filter>
    <Filter Include="Source Files\gui\testversion_screen">
      <UniqueIdentifier>FFFD1C60-38EC-6A54-D10E-5E0A5163170A</UniqueIdentifier>
    </Filter>
    <Filter Include="Header Files\gui\oclusion_level_screen">
      <UniqueIdentifier>5568F155-CE32-C901-7D5B-D3E25EC76766</UniqueIdentifier>
    </Filter>
    <Filter Include="Source Files\gui\oclusion_level_screen">
      <UniqueIdentifier>44E088C5-A171-BC35-412E-EF71AEEC27E5</UniqueIdentifier>
    </Filter>
    <Filter Include="Source Files\gui\same_patient_screen">
      <UniqueIdentifier>9AB815C0-8E1B-D6C1-EBFA-091C8765352B</UniqueIdentifier>
    </Filter>
    <Filter Include="Source Files\gui\intro_screen">
      <UniqueIdentifier>7BF27262-C831-821B-C754-D26A3AE2C10A</UniqueIdentifier>
    </Filter>
    <Filter Include="Header Files\gui\same_patient_screen">
      <UniqueIdentifier>208E796A-F433-5B7C-04E1-CC5DAEA3B60A</UniqueIdentifier>
    </Filter>
    <Filter Include="Source Files\gui\alarmlist_screen">
      <UniqueIdentifier>0870AC9A-648C-5A39-E653-9F5E7A2E88ED</UniqueIdentifier>
    </Filter>
    <Filter Include="Header Files\gui\new_paitent_screen">
      <UniqueIdentifier>872C449E-6919-CE74-005A-0EC568732702</UniqueIdentifier>
    </Filter>
    <Filter Include="Source Files\gui\screenkeyboard_screen">
      <UniqueIdentifier>5BD2C4FA-A263-B6D6-B979-FB9A80855D7D</UniqueIdentifier>
    </Filter>
    <Filter Include="Header Files\gui\departement_screen">
      <UniqueIdentifier>F49545AA-9FB7-2E72-F36B-0199DB73FF36</UniqueIdentifier>
    </Filter>
    <Filter Include="Source Files\gui\new_paitent_screen">
      <UniqueIdentifier>3196C1A9-D1DC-A448-D57C-96BA0865C996</UniqueIdentifier>
    </Filter>
    <Filter Include="Header Files\gui\screenkeyboard_screen">
      <UniqueIdentifier>B0B0E4BE-AA73-7022-0651-367F0BB70EA1</UniqueIdentifier>
    </Filter>
    <Filter Include="Source Files\gui\departement_screen">
      <UniqueIdentifier>76F0B6DB-CF22-60F2-9104-4830A5CED349</UniqueIdentifier>
    </Filter>
    <Filter Include="Header Files\gui\alarmlist_screen">
      <UniqueIdentifier>F01B5845-B747-5230-4A1E-6BF27C948F2B</UniqueIdentifier>
    </Filter>
    <Filter Include="Header Files\gui\syringedetected_screen">
      <UniqueIdentifier>20CCB8EF-1B37-D3D3-114B-222F9E0A93BD</UniqueIdentifier>
    </Filter>
    <Filter Include="Source Files\gui\screenselectdrug_screen">
      <UniqueIdentifier>01F8F74D-E981-8304-9600-4303F814AB05</UniqueIdentifier>
    </Filter>
    <Filter Include="Header Files\gui\screenselectdrug_screen">
      <UniqueIdentifier>6DA37C99-1730-A7D5-2D85-A2E9205CB347</UniqueIdentifier>
    </Filter>
    <Filter Include="Source Files\gui\syringedetected_screen">
      <UniqueIdentifier>C8706552-61EC-D136-9604-DEEA9C0AA557</UniqueIdentifier>
    </Filter>
    <Filter Include="Source Files\gui\logscreen_screen">
      <UniqueIdentifier>198E7B69-EC98-CDDA-97D2-5BB1C6D38AE0</UniqueIdentifier>
    </Filter>
    <Filter Include="Source Files\gui\settings__screen_screen">
      <UniqueIdentifier>2CACEFB4-9AD8-A679-5473-B9DF8611ACA2</UniqueIdentifier>
    </Filter>
    <Filter Include="Header Files\gui\settings__screen_screen">
      <UniqueIdentifier>8570A608-5170-AB53-390F-B12EF4F73092</UniqueIdentifier>
    </Filter>
    <Filter Include="Header Files\gui\logscreen_screen">
      <UniqueIdentifier>788F805F-28D0-D0F8-ED24-B4A118C1AD7F</UniqueIdentifier>
    </Filter>
    <Filter Include="Source Files\gui\intro_1_screen">
      <UniqueIdentifier>718AC076-147C-2607-7D1D-D93369F421B8</UniqueIdentifier>
    </Filter>
    <Filter Include="Header Files\gui\intro_1_screen">
      <UniqueIdentifier>B7FE0EB0-3593-8C2B-D97D-5AAC186AB0C2</UniqueIdentifier>
    </Filter>
    <Filter Include="Header Files\gui\mainscreen_withstart_screen">
      <UniqueIdentifier>A57C6909-7DBF-874F-A14A-E53D3CD7006A</UniqueIdentifier>
    </Filter>
    <Filter Include="Header Files\gui\specialmode_screen">
      <UniqueIdentifier>5B419FDC-FFCC-1920-FB50-424C8C47BD73</UniqueIdentifier>
    </Filter>
    <Filter Include="Source Files\gui\specialmode_screen">
      <UniqueIdentifier>C4122EAE-8455-1571-7D14-2D766B906A5B</UniqueIdentifier>
    </Filter>
    <Filter Include="Source Files\gui\mainscreen_withstart_screen">
      <UniqueIdentifier>30D5365F-C255-C362-94B4-AFD9C1719E4E</UniqueIdentifier>
    </Filter>
    <Filter Include="Header Files\generated\gui_generated\logscreen_screen">
      <UniqueIdentifier>C0B2913C-3BF0-A7D2-1693-71243A6A6BDD</UniqueIdentifier>
    </Filter>
    <Filter Include="Source Files\generated\gui_generated\specialmode_screen">
      <UniqueIdentifier>341E186C-906F-CE98-4E6A-D1D1BC512C22</UniqueIdentifier>
    </Filter>
    <Filter Include="Source Files\generated\gui_generated\mainscreen_withstart_screen">
      <UniqueIdentifier>88CDB334-86E7-5541-00DB-944DCD3B6900</UniqueIdentifier>
    </Filter>
    <Filter Include="Source Files\generated\gui_generated\logscreen_screen">
      <UniqueIdentifier>D5BF8A45-228B-5396-C455-E356FDC625A3</UniqueIdentifier>
    </Filter>
    <Filter Include="Header Files\generated\gui_generated\specialmode_screen">
      <UniqueIdentifier>85D19AEE-9012-C76A-637A-8EEDCFAEE2A5</UniqueIdentifier>
    </Filter>
    <Filter Include="Header Files\generated\gui_generated\alarmlist_screen">
      <UniqueIdentifier>432756E6-E05C-88E2-1788-67E72539BDBA</UniqueIdentifier>
    </Filter>
    <Filter Include="Header Files\generated\gui_generated\mainscreen_withstart_screen">
      <UniqueIdentifier>42118CE5-4D56-8BFA-7A95-A395E98B882B</UniqueIdentifier>
    </Filter>
    <Filter Include="Source Files\generated\gui_generated\intro_1_screen">
      <UniqueIdentifier>B29685AC-FE06-4E58-9DC2-1F25443B213C</UniqueIdentifier>
    </Filter>
    <Filter Include="Header Files\generated\gui_generated\settings__screen_screen">
      <UniqueIdentifier>DB1F707C-6031-DFB0-AED6-54D1D47D4729</UniqueIdentifier>
    </Filter>
    <Filter Include="Source Files\generated\gui_generated\alarmlist_screen">
      <UniqueIdentifier>AA92A3FA-0A97-B299-BCD1-E6FDD9636D74</UniqueIdentifier>
    </Filter>
    <Filter Include="Source Files\generated\gui_generated\settings__screen_screen">
      <UniqueIdentifier>2F83B239-304A-0BC0-C265-B36BA753722C</UniqueIdentifier>
    </Filter>
    <Filter Include="Header Files\generated\gui_generated\intro_1_screen">
      <UniqueIdentifier>019B0C2B-5496-8373-6E50-D40639545D06</UniqueIdentifier>
    </Filter>
    <Filter Include="Header Files\generated\gui_generated\screenselectdrug_screen">
      <UniqueIdentifier>9E60E6A4-6345-5954-93C8-71C0D8E654F8</UniqueIdentifier>
    </Filter>
    <Filter Include="Source Files\generated\gui_generated\screenselectdrug_screen">
      <UniqueIdentifier>7F0536BF-D942-C1D9-E382-D691CF8C18B7</UniqueIdentifier>
    </Filter>
    <Filter Include="Header Files\generated\gui_generated\intro_screen">
      <UniqueIdentifier>3500F94C-4439-E322-E4CF-57975B7250F1</UniqueIdentifier>
    </Filter>
    <Filter Include="Source Files\generated\gui_generated\timeparam_screen">
      <UniqueIdentifier>F844DE9F-F89B-1BF1-2022-B02CBF140413</UniqueIdentifier>
    </Filter>
    <Filter Include="Header Files\generated\gui_generated\screenkeyboard_screen">
      <UniqueIdentifier>3C33ED0F-2C82-F93C-FED5-9003F7BE9D0B</UniqueIdentifier>
    </Filter>
    <Filter Include="Source Files\generated\gui_generated\screenkeyboard_screen">
      <UniqueIdentifier>426152E5-8FF4-7F51-C87C-CC37B476A361</UniqueIdentifier>
    </Filter>
    <Filter Include="Header Files\generated\gui_generated\functiongeneration_screen">
      <UniqueIdentifier>73C9F7AF-B1D3-01A4-F8D8-ADE765673A41</UniqueIdentifier>
    </Filter>
    <Filter Include="Source Files\generated\gui_generated\functiongeneration_screen">
      <UniqueIdentifier>AFD02205-A4CD-2655-7509-5B5ACA007BCD</UniqueIdentifier>
    </Filter>
    <Filter Include="Header Files\generated\gui_generated\same_patient_screen">
      <UniqueIdentifier>E68977FF-0FDD-2150-8E7E-70732715E780</UniqueIdentifier>
    </Filter>
    <Filter Include="Source Files\generated\gui_generated\syringedetected_screen">
      <UniqueIdentifier>8CEAF932-A047-069E-CBA4-1A4D596F0B87</UniqueIdentifier>
    </Filter>
    <Filter Include="Source Files\generated\gui_generated\same_patient_screen">
      <UniqueIdentifier>E0B8B63C-8F1D-9ABC-6BEB-B7F973435C6B</UniqueIdentifier>
    </Filter>
    <Filter Include="Source Files\generated\gui_generated\new_paitent_screen">
      <UniqueIdentifier>0B93B7A1-0EBE-7E52-34D2-0E2156B88B54</UniqueIdentifier>
    </Filter>
    <Filter Include="Source Files\generated\gui_generated\departement_screen">
      <UniqueIdentifier>1AE25B92-DCAB-C95C-65B3-8BFAD42DECF2</UniqueIdentifier>
    </Filter>
    <Filter Include="Header Files\generated\gui_generated\syringedetected_screen">
      <UniqueIdentifier>CEE102B3-68C0-3A6E-7426-E2EF679372DE</UniqueIdentifier>
    </Filter>
    <Filter Include="Header Files\generated\gui_generated\new_paitent_screen">
      <UniqueIdentifier>D264C818-B487-690B-0048-9ED39EECD0A4</UniqueIdentifier>
    </Filter>
    <Filter Include="Header Files\generated\gui_generated\departement_screen">
      <UniqueIdentifier>2862E78C-8098-5CE8-1A55-76F18E3B9264</UniqueIdentifier>
    </Filter>
    <Filter Include="Source Files\generated\gui_generated\oclusion_level_screen">
      <UniqueIdentifier>0B9FDC2D-FA8E-9068-6BEE-5F4BCD166FC9</UniqueIdentifier>
    </Filter>
    <Filter Include="Header Files\generated\gui_generated\oclusion_level_screen">
      <UniqueIdentifier>CFA335DD-B6A8-338E-113B-3C60848FA874</UniqueIdentifier>
    </Filter>
    <Filter Include="Source Files\generated\gui_generated\testversion_screen">
      <UniqueIdentifier>2BD651F7-F492-C6CD-0BD2-3204E92C65DF</UniqueIdentifier>
    </Filter>
    <Filter Include="Header Files\generated\gui_generated\testversion_screen">
      <UniqueIdentifier>3E05C2F4-FE63-F8CB-8340-3629E4A2A31A</UniqueIdentifier>
    </Filter>
    <Filter Include="Source Files\generated\gui_generated\intro_screen">
      <UniqueIdentifier>6BA45E7D-BC16-313C-24C2-A3645F7BB1E2</UniqueIdentifier>
    </Filter>
    <Filter Include="Header Files\generated\gui_generated\timeparam_screen">
      <UniqueIdentifier>45D80606-1CFB-6203-52E4-F11ABA9CD2A0</UniqueIdentifier>
    </Filter>
  </ItemGroup>
  <ItemGroup>
    <ClCompile Include="$(TouchGFXReleasePath)\framework\source\platform\driver\touch\SDL2TouchController.cpp">
      <Filter>Source Files\TouchGFX\platform\driver\touch</Filter>
    </ClCompile>
    <ClCompile Include="$(TouchGFXReleasePath)\framework\source\platform\hal\simulator\sdl2\HALSDL2.cpp">
      <Filter>Source Files\TouchGFX\platform\hal\simulator\sdl2</Filter>
    </ClCompile>
    <ClCompile Include="$(TouchGFXReleasePath)\framework\source\platform\hal\simulator\sdl2\HALSDL2_icon.cpp">
      <Filter>Source Files\TouchGFX\platform\hal\simulator\sdl2</Filter>
    </ClCompile>
    <ClCompile Include="$(TouchGFXReleasePath)\framework\source\platform\hal\simulator\sdl2\OSWrappers.cpp">
      <Filter>Source Files\TouchGFX\platform\hal\simulator\sdl2</Filter>
    </ClCompile>
    <ClCompile Include="$(ApplicationRoot)\simulator\main.cpp">
      <Filter>Source Files\simulator</Filter>
    </ClCompile>
    <ClCompile Include="$(ApplicationRoot)\generated\simulator\src\mainBase.cpp">
      <Filter>Source Files\generated\simulator</Filter>
    </ClCompile>
    <ClCompile Include="..\..\gui\src\common\FrontendApplication.cpp">
      <Filter>Source Files\gui\common</Filter>
    </ClCompile>
    <ClCompile Include="..\..\generated\gui_generated\src\common\FrontendApplicationBase.cpp">
      <Filter>Source Files\generated\gui_generated\common</Filter>
    </ClCompile>
    <ClCompile Include="..\..\gui\src\model\Model.cpp">
      <Filter>Source Files\gui\model</Filter>
    </ClCompile>
    <ClCompile Include="..\..\gui\src\battery_screen\BatteryPresenter.cpp">
      <Filter>Source Files\gui\battery_screen</Filter>
    </ClCompile>
    <ClCompile Include="..\..\gui\src\battery_screen\BatteryView.cpp">
      <Filter>Source Files\gui\battery_screen</Filter>
    </ClCompile>
    <ClCompile Include="..\..\generated\gui_generated\src\battery_screen\BatteryViewBase.cpp">
      <Filter>Source Files\generated\gui_generated\battery_screen</Filter>
    </ClCompile>
    <ClCompile Include="..\..\gui\src\common\CustomKeyboard.cpp">
      <Filter>Source Files\gui\common</Filter>
    </ClCompile>
    <ClCompile Include="..\..\gui\src\druglibrary_screen\DrugLibraryPresenter.cpp">
      <Filter>Source Files\gui\druglibrary_screen</Filter>
    </ClCompile>
    <ClCompile Include="..\..\gui\src\druglibrary_screen\DrugLibraryView.cpp">
      <Filter>Source Files\gui\druglibrary_screen</Filter>
    </ClCompile>
    <ClCompile Include="..\..\generated\gui_generated\src\druglibrary_screen\DrugLibraryViewBase.cpp">
      <Filter>Source Files\generated\gui_generated\druglibrary_screen</Filter>
    </ClCompile>
    <ClCompile Include="..\..\gui\src\maintenance_screen\MaintenancePresenter.cpp">
      <Filter>Source Files\gui\maintenance_screen</Filter>
    </ClCompile>
    <ClCompile Include="..\..\gui\src\maintenance_screen\MaintenanceView.cpp">
      <Filter>Source Files\gui\maintenance_screen</Filter>
    </ClCompile>
    <ClCompile Include="..\..\generated\gui_generated\src\maintenance_screen\MaintenanceViewBase.cpp">
      <Filter>Source Files\generated\gui_generated\maintenance_screen</Filter>
    </ClCompile>
    <ClCompile Include="..\..\gui\src\manual_screen\ManualPresenter.cpp">
      <Filter>Source Files\gui\manual_screen</Filter>
    </ClCompile>
    <ClCompile Include="..\..\gui\src\manual_screen\ManualView.cpp">
      <Filter>Source Files\gui\manual_screen</Filter>
    </ClCompile>
    <ClCompile Include="..\..\generated\gui_generated\src\manual_screen\ManualViewBase.cpp">
      <Filter>Source Files\generated\gui_generated\manual_screen</Filter>
    </ClCompile>
    <ClCompile Include="..\..\generated\simulator\src\video\SoftwareMJPEGDecoder.cpp">
      <Filter>Source Files\generated\simulator\video</Filter>
    </ClCompile>
    <ClCompile Include="..\..\gui\src\containers\CustomContainer1.cpp">
      <Filter>Source Files\gui\containers</Filter>
    </ClCompile>
    <ClCompile Include="..\..\generated\gui_generated\src\containers\CustomContainer1Base.cpp">
      <Filter>Source Files\generated\gui_generated\containers</Filter>
    </ClCompile>
    <ClCompile Include="..\..\gui\src\lockscreen_screen\LockScreenPresenter.cpp">
      <Filter>Source Files\gui\lockscreen_screen</Filter>
    </ClCompile>
    <ClCompile Include="..\..\gui\src\lockscreen_screen\LockScreenView.cpp">
      <Filter>Source Files\gui\lockscreen_screen</Filter>
    </ClCompile>
    <ClCompile Include="..\..\generated\gui_generated\src\lockscreen_screen\LockScreenViewBase.cpp">
      <Filter>Source Files\generated\gui_generated\lockscreen_screen</Filter>
    </ClCompile>
    <ClCompile Include="..\..\gui\src\settings_time_date_screen\Settings_Time_DatePresenter.cpp">
      <Filter>Source Files\gui\settings_time_date_screen</Filter>
    </ClCompile>
    <ClCompile Include="..\..\gui\src\settings_time_date_screen\Settings_Time_DateView.cpp">
      <Filter>Source Files\gui\settings_time_date_screen</Filter>
    </ClCompile>
    <ClCompile Include="..\..\generated\gui_generated\src\settings_time_date_screen\Settings_Time_DateViewBase.cpp">
      <Filter>Source Files\generated\gui_generated\settings_time_date_screen</Filter>
    </ClCompile>
    <ClCompile Include="..\..\gui\src\containers\Alarmlist.cpp">
      <Filter>Source Files\gui\containers</Filter>
    </ClCompile>
    <ClCompile Include="..\..\generated\gui_generated\src\containers\AlarmlistBase.cpp">
      <Filter>Source Files\generated\gui_generated\containers</Filter>
    </ClCompile>
    <ClCompile Include="..\..\gui\src\alarmlist_screen\AlarmListPresenter.cpp">
      <Filter>Source Files\gui\alarmlist_screen</Filter>
    </ClCompile>
    <ClCompile Include="..\..\gui\src\alarmlist_screen\AlarmListView.cpp">
      <Filter>Source Files\gui\alarmlist_screen</Filter>
    </ClCompile>
    <ClCompile Include="..\..\generated\gui_generated\src\alarmlist_screen\AlarmListViewBase.cpp">
      <Filter>Source Files\generated\gui_generated\alarmlist_screen</Filter>
    </ClCompile>
    <ClCompile Include="..\..\gui\src\departement_screen\DepartementPresenter.cpp">
      <Filter>Source Files\gui\departement_screen</Filter>
    </ClCompile>
    <ClCompile Include="..\..\gui\src\departement_screen\DepartementView.cpp">
      <Filter>Source Files\gui\departement_screen</Filter>
    </ClCompile>
    <ClCompile Include="..\..\generated\gui_generated\src\departement_screen\DepartementViewBase.cpp">
      <Filter>Source Files\generated\gui_generated\departement_screen</Filter>
    </ClCompile>
    <ClCompile Include="..\..\gui\src\functiongeneration_screen\functiongenerationPresenter.cpp">
      <Filter>Source Files\gui\functiongeneration_screen</Filter>
    </ClCompile>
    <ClCompile Include="..\..\gui\src\functiongeneration_screen\functiongenerationView.cpp">
      <Filter>Source Files\gui\functiongeneration_screen</Filter>
    </ClCompile>
    <ClCompile Include="..\..\generated\gui_generated\src\functiongeneration_screen\functiongenerationViewBase.cpp">
      <Filter>Source Files\generated\gui_generated\functiongeneration_screen</Filter>
    </ClCompile>
    <ClCompile Include="..\..\gui\src\intro_1_screen\intro_1Presenter.cpp">
      <Filter>Source Files\gui\intro_1_screen</Filter>
    </ClCompile>
    <ClCompile Include="..\..\gui\src\intro_1_screen\intro_1View.cpp">
      <Filter>Source Files\gui\intro_1_screen</Filter>
    </ClCompile>
    <ClCompile Include="..\..\generated\gui_generated\src\intro_1_screen\intro_1ViewBase.cpp">
      <Filter>Source Files\generated\gui_generated\intro_1_screen</Filter>
    </ClCompile>
    <ClCompile Include="..\..\gui\src\intro_screen\introPresenter.cpp">
      <Filter>Source Files\gui\intro_screen</Filter>
    </ClCompile>
    <ClCompile Include="..\..\gui\src\intro_screen\introView.cpp">
      <Filter>Source Files\gui\intro_screen</Filter>
    </ClCompile>
    <ClCompile Include="..\..\generated\gui_generated\src\intro_screen\introViewBase.cpp">
      <Filter>Source Files\generated\gui_generated\intro_screen</Filter>
    </ClCompile>
    <ClCompile Include="..\..\gui\src\logscreen_screen\LogScreenPresenter.cpp">
      <Filter>Source Files\gui\logscreen_screen</Filter>
    </ClCompile>
    <ClCompile Include="..\..\gui\src\logscreen_screen\LogScreenView.cpp">
      <Filter>Source Files\gui\logscreen_screen</Filter>
    </ClCompile>
    <ClCompile Include="..\..\generated\gui_generated\src\logscreen_screen\LogScreenViewBase.cpp">
      <Filter>Source Files\generated\gui_generated\logscreen_screen</Filter>
    </ClCompile>
    <ClCompile Include="..\..\gui\src\mainscreen_withstart_screen\mainScreen_WithSTARTPresenter.cpp">
      <Filter>Source Files\gui\mainscreen_withstart_screen</Filter>
    </ClCompile>
    <ClCompile Include="..\..\gui\src\mainscreen_withstart_screen\mainScreen_WithSTARTView.cpp">
      <Filter>Source Files\gui\mainscreen_withstart_screen</Filter>
    </ClCompile>
    <ClCompile Include="..\..\generated\gui_generated\src\mainscreen_withstart_screen\mainScreen_WithSTARTViewBase.cpp">
      <Filter>Source Files\generated\gui_generated\mainscreen_withstart_screen</Filter>
    </ClCompile>
    <ClCompile Include="..\..\gui\src\new_paitent_screen\New_PaitentPresenter.cpp">
      <Filter>Source Files\gui\new_paitent_screen</Filter>
    </ClCompile>
    <ClCompile Include="..\..\gui\src\new_paitent_screen\New_PaitentView.cpp">
      <Filter>Source Files\gui\new_paitent_screen</Filter>
    </ClCompile>
    <ClCompile Include="..\..\generated\gui_generated\src\new_paitent_screen\New_PaitentViewBase.cpp">
      <Filter>Source Files\generated\gui_generated\new_paitent_screen</Filter>
    </ClCompile>
    <ClCompile Include="..\..\gui\src\oclusion_level_screen\Oclusion_levelPresenter.cpp">
      <Filter>Source Files\gui\oclusion_level_screen</Filter>
    </ClCompile>
    <ClCompile Include="..\..\gui\src\oclusion_level_screen\Oclusion_levelView.cpp">
      <Filter>Source Files\gui\oclusion_level_screen</Filter>
    </ClCompile>
    <ClCompile Include="..\..\generated\gui_generated\src\oclusion_level_screen\Oclusion_levelViewBase.cpp">
      <Filter>Source Files\generated\gui_generated\oclusion_level_screen</Filter>
    </ClCompile>
    <ClCompile Include="..\..\gui\src\containers\popup_Alert.cpp">
      <Filter>Source Files\gui\containers</Filter>
    </ClCompile>
    <ClCompile Include="..\..\generated\gui_generated\src\containers\popup_AlertBase.cpp">
      <Filter>Source Files\generated\gui_generated\containers</Filter>
    </ClCompile>
    <ClCompile Include="..\..\gui\src\containers\popup_auto_diagnostic.cpp">
      <Filter>Source Files\gui\containers</Filter>
    </ClCompile>
    <ClCompile Include="..\..\generated\gui_generated\src\containers\popup_auto_diagnosticBase.cpp">
      <Filter>Source Files\generated\gui_generated\containers</Filter>
    </ClCompile>
    <ClCompile Include="..\..\gui\src\containers\popup_Department.cpp">
      <Filter>Source Files\gui\containers</Filter>
    </ClCompile>
    <ClCompile Include="..\..\generated\gui_generated\src\containers\popup_DepartmentBase.cpp">
      <Filter>Source Files\generated\gui_generated\containers</Filter>
    </ClCompile>
    <ClCompile Include="..\..\gui\src\containers\popup_Display_Mode.cpp">
      <Filter>Source Files\gui\containers</Filter>
    </ClCompile>
    <ClCompile Include="..\..\generated\gui_generated\src\containers\popup_Display_ModeBase.cpp">
      <Filter>Source Files\generated\gui_generated\containers</Filter>
    </ClCompile>
    <ClCompile Include="..\..\gui\src\containers\popup_Dury_Library.cpp">
      <Filter>Source Files\gui\containers</Filter>
    </ClCompile>
    <ClCompile Include="..\..\generated\gui_generated\src\containers\popup_Dury_LibraryBase.cpp">
      <Filter>Source Files\generated\gui_generated\containers</Filter>
    </ClCompile>
    <ClCompile Include="..\..\gui\src\containers\popup_History.cpp">
      <Filter>Source Files\gui\containers</Filter>
    </ClCompile>
    <ClCompile Include="..\..\generated\gui_generated\src\containers\popup_HistoryBase.cpp">
      <Filter>Source Files\generated\gui_generated\containers</Filter>
    </ClCompile>
    <ClCompile Include="..\..\gui\src\containers\popup_Language.cpp">
      <Filter>Source Files\gui\containers</Filter>
    </ClCompile>
    <ClCompile Include="..\..\generated\gui_generated\src\containers\popup_LanguageBase.cpp">
      <Filter>Source Files\generated\gui_generated\containers</Filter>
    </ClCompile>
    <ClCompile Include="..\..\gui\src\containers\popup_Manual.cpp">
      <Filter>Source Files\gui\containers</Filter>
    </ClCompile>
    <ClCompile Include="..\..\generated\gui_generated\src\containers\popup_ManualBase.cpp">
      <Filter>Source Files\generated\gui_generated\containers</Filter>
    </ClCompile>
    <ClCompile Include="..\..\gui\src\containers\popup_Time_Date.cpp">
      <Filter>Source Files\gui\containers</Filter>
    </ClCompile>
    <ClCompile Include="..\..\generated\gui_generated\src\containers\popup_Time_DateBase.cpp">
      <Filter>Source Files\generated\gui_generated\containers</Filter>
    </ClCompile>
    <ClCompile Include="..\..\gui\src\same_patient_screen\Same_PatientPresenter.cpp">
      <Filter>Source Files\gui\same_patient_screen</Filter>
    </ClCompile>
    <ClCompile Include="..\..\gui\src\same_patient_screen\Same_PatientView.cpp">
      <Filter>Source Files\gui\same_patient_screen</Filter>
    </ClCompile>
    <ClCompile Include="..\..\generated\gui_generated\src\same_patient_screen\Same_PatientViewBase.cpp">
      <Filter>Source Files\generated\gui_generated\same_patient_screen</Filter>
    </ClCompile>
    <ClCompile Include="..\..\gui\src\screenkeyboard_screen\ScreenKeyboardPresenter.cpp">
      <Filter>Source Files\gui\screenkeyboard_screen</Filter>
    </ClCompile>
    <ClCompile Include="..\..\gui\src\screenkeyboard_screen\ScreenKeyboardView.cpp">
      <Filter>Source Files\gui\screenkeyboard_screen</Filter>
    </ClCompile>
    <ClCompile Include="..\..\generated\gui_generated\src\screenkeyboard_screen\ScreenKeyboardViewBase.cpp">
      <Filter>Source Files\generated\gui_generated\screenkeyboard_screen</Filter>
    </ClCompile>
    <ClCompile Include="..\..\gui\src\screenselectdrug_screen\ScreenselectdrugPresenter.cpp">
      <Filter>Source Files\gui\screenselectdrug_screen</Filter>
    </ClCompile>
    <ClCompile Include="..\..\gui\src\screenselectdrug_screen\ScreenselectdrugView.cpp">
      <Filter>Source Files\gui\screenselectdrug_screen</Filter>
    </ClCompile>
    <ClCompile Include="..\..\generated\gui_generated\src\screenselectdrug_screen\ScreenselectdrugViewBase.cpp">
      <Filter>Source Files\generated\gui_generated\screenselectdrug_screen</Filter>
    </ClCompile>
    <ClCompile Include="..\..\gui\src\containers\Settings__screen.cpp">
      <Filter>Source Files\gui\containers</Filter>
    </ClCompile>
    <ClCompile Include="..\..\generated\gui_generated\src\containers\Settings__screenBase.cpp">
      <Filter>Source Files\generated\gui_generated\containers</Filter>
    </ClCompile>
    <ClCompile Include="..\..\gui\src\settings__screen_screen\Settings__screenPresenter.cpp">
      <Filter>Source Files\gui\settings__screen_screen</Filter>
    </ClCompile>
    <ClCompile Include="..\..\gui\src\settings__screen_screen\Settings__screenView.cpp">
      <Filter>Source Files\gui\settings__screen_screen</Filter>
    </ClCompile>
    <ClCompile Include="..\..\generated\gui_generated\src\settings__screen_screen\Settings__screenViewBase.cpp">
      <Filter>Source Files\generated\gui_generated\settings__screen_screen</Filter>
    </ClCompile>
    <ClCompile Include="..\..\gui\src\specialmode_screen\SpecialModePresenter.cpp">
      <Filter>Source Files\gui\specialmode_screen</Filter>
    </ClCompile>
    <ClCompile Include="..\..\gui\src\specialmode_screen\SpecialModeView.cpp">
      <Filter>Source Files\gui\specialmode_screen</Filter>
    </ClCompile>
    <ClCompile Include="..\..\generated\gui_generated\src\specialmode_screen\SpecialModeViewBase.cpp">
      <Filter>Source Files\generated\gui_generated\specialmode_screen</Filter>
    </ClCompile>
    <ClCompile Include="..\..\gui\src\syringedetected_screen\syringedetectedPresenter.cpp">
      <Filter>Source Files\gui\syringedetected_screen</Filter>
    </ClCompile>
    <ClCompile Include="..\..\gui\src\syringedetected_screen\syringedetectedView.cpp">
      <Filter>Source Files\gui\syringedetected_screen</Filter>
    </ClCompile>
    <ClCompile Include="..\..\generated\gui_generated\src\syringedetected_screen\syringedetectedViewBase.cpp">
      <Filter>Source Files\generated\gui_generated\syringedetected_screen</Filter>
    </ClCompile>
    <ClCompile Include="..\..\gui\src\testversion_screen\testVersionPresenter.cpp">
      <Filter>Source Files\gui\testversion_screen</Filter>
    </ClCompile>
    <ClCompile Include="..\..\gui\src\testversion_screen\testVersionView.cpp">
      <Filter>Source Files\gui\testversion_screen</Filter>
    </ClCompile>
    <ClCompile Include="..\..\generated\gui_generated\src\testversion_screen\testVersionViewBase.cpp">
      <Filter>Source Files\generated\gui_generated\testversion_screen</Filter>
    </ClCompile>
    <ClCompile Include="..\..\gui\src\timeparam_screen\timeparamPresenter.cpp">
      <Filter>Source Files\gui\timeparam_screen</Filter>
    </ClCompile>
    <ClCompile Include="..\..\gui\src\timeparam_screen\timeparamView.cpp">
      <Filter>Source Files\gui\timeparam_screen</Filter>
    </ClCompile>
    <ClCompile Include="..\..\generated\gui_generated\src\timeparam_screen\timeparamViewBase.cpp">
      <Filter>Source Files\generated\gui_generated\timeparam_screen</Filter>
    </ClCompile>
    <ClCompile Include="..\..\gui\src\genderchoice_screen\GenderChoicePresenter.cpp">
      <Filter>Source Files\gui\genderchoice_screen</Filter>
    </ClCompile>
    <ClCompile Include="..\..\gui\src\genderchoice_screen\GenderChoiceView.cpp">
      <Filter>Source Files\gui\genderchoice_screen</Filter>
    </ClCompile>
    <ClCompile Include="..\..\generated\gui_generated\src\genderchoice_screen\genderchoiceViewBase.cpp">
      <Filter>Source Files\generated\gui_generated\genderchoice_screen</Filter>
    </ClCompile>
    <ClCompile Include="..\..\gui\src\keyboardnb_screen\KeyboardNbPresenter.cpp">
      <Filter>Source Files\gui\keyboardnb_screen</Filter>
    </ClCompile>
    <ClCompile Include="..\..\gui\src\keyboardnb_screen\KeyboardNbView.cpp">
      <Filter>Source Files\gui\keyboardnb_screen</Filter>
    </ClCompile>
    <ClCompile Include="..\..\generated\gui_generated\src\keyboardnb_screen\KeyboardNBViewBase.cpp">
      <Filter>Source Files\generated\gui_generated\keyboardnb_screen</Filter>
    </ClCompile>
    <ClCompile Include="..\..\gui\src\startup_screen\StartUpPresenter.cpp">
      <Filter>Source Files\gui\startup_screen</Filter>
    </ClCompile>
    <ClCompile Include="..\..\gui\src\startup_screen\StartUpView.cpp">
      <Filter>Source Files\gui\startup_screen</Filter>
    </ClCompile>
    <ClCompile Include="..\..\generated\gui_generated\src\startup_screen\startupViewBase.cpp">
      <Filter>Source Files\generated\gui_generated\startup_screen</Filter>
    </ClCompile>
  </ItemGroup>
  <ItemGroup>
    <None Include="$(ApplicationRoot)\assets\texts\texts.xlsx">
      <Filter>Resource Files\assets\texts</Filter>
    </None>
    <None Include="$(ApplicationRoot)\config\msvs\Application.props">
      <Filter>Resource Files\config\msvs</Filter>
    </None>
  </ItemGroup>
  <ItemGroup>
    <ClInclude Include="$(TouchGFXReleasePath)\framework\include\common\AbstractPartition.hpp">
      <Filter>Header Files\TouchGFX\common</Filter>
    </ClInclude>
    <ClInclude Include="$(TouchGFXReleasePath)\framework\include\common\Meta.hpp">
      <Filter>Header Files\TouchGFX\common</Filter>
    </ClInclude>
    <ClInclude Include="$(TouchGFXReleasePath)\framework\include\common\Partition.hpp">
      <Filter>Header Files\TouchGFX\common</Filter>
    </ClInclude>
    <ClInclude Include="$(TouchGFXReleasePath)\framework\include\common\TouchGFXInit.hpp">
      <Filter>Header Files\TouchGFX\common</Filter>
    </ClInclude>
    <ClInclude Include="$(TouchGFXReleasePath)\framework\include\mvp\MVPApplication.hpp">
      <Filter>Header Files\TouchGFX\mvp</Filter>
    </ClInclude>
    <ClInclude Include="$(TouchGFXReleasePath)\framework\include\mvp\MVPHeap.hpp">
      <Filter>Header Files\TouchGFX\mvp</Filter>
    </ClInclude>
    <ClInclude Include="$(TouchGFXReleasePath)\framework\include\mvp\Presenter.hpp">
      <Filter>Header Files\TouchGFX\mvp</Filter>
    </ClInclude>
    <ClInclude Include="$(TouchGFXReleasePath)\framework\include\mvp\View.hpp">
      <Filter>Header Files\TouchGFX\mvp</Filter>
    </ClInclude>
    <ClInclude Include="$(TouchGFXReleasePath)\framework\include\platform\driver\lcd\LCD16bpp.hpp">
      <Filter>Header Files\TouchGFX\platform\driver\lcd</Filter>
    </ClInclude>
    <ClInclude Include="$(TouchGFXReleasePath)\framework\include\platform\driver\lcd\LCD1bpp.hpp">
      <Filter>Header Files\TouchGFX\platform\driver\lcd</Filter>
    </ClInclude>
    <ClInclude Include="$(TouchGFXReleasePath)\framework\include\platform\driver\lcd\LCD24bpp.hpp">
      <Filter>Header Files\TouchGFX\platform\driver\lcd</Filter>
    </ClInclude>
    <ClInclude Include="$(TouchGFXReleasePath)\framework\include\platform\driver\lcd\LCD2bpp.hpp">
      <Filter>Header Files\TouchGFX\platform\driver\lcd</Filter>
    </ClInclude>
    <ClInclude Include="$(TouchGFXReleasePath)\framework\include\platform\driver\lcd\LCD4bpp.hpp">
      <Filter>Header Files\TouchGFX\platform\driver\lcd</Filter>
    </ClInclude>
    <ClInclude Include="$(TouchGFXReleasePath)\framework\include\platform\driver\touch\SDL2TouchController.hpp">
      <Filter>Header Files\TouchGFX\platform\driver\touch</Filter>
    </ClInclude>
    <ClInclude Include="$(TouchGFXReleasePath)\framework\include\platform\hal\simulator\sdl2\HALSDL2.hpp">
      <Filter>Header Files\TouchGFX\platform\hal\simulator\sdl2</Filter>
    </ClInclude>
    <ClInclude Include="$(TouchGFXReleasePath)\framework\include\touchgfx\Application.hpp">
      <Filter>Header Files\TouchGFX\touchgfx</Filter>
    </ClInclude>
    <ClInclude Include="$(TouchGFXReleasePath)\framework\include\touchgfx\Bitmap.hpp">
      <Filter>Header Files\TouchGFX\touchgfx</Filter>
    </ClInclude>
    <ClInclude Include="$(TouchGFXReleasePath)\framework\include\touchgfx\Callback.hpp">
      <Filter>Header Files\TouchGFX\touchgfx</Filter>
    </ClInclude>
    <ClInclude Include="$(TouchGFXReleasePath)\framework\include\touchgfx\canvas_widget_renderer\CanvasWidgetRenderer.hpp">
      <Filter>Header Files\TouchGFX\touchgfx\canvas_widget_renderer</Filter>
    </ClInclude>
    <ClInclude Include="$(TouchGFXReleasePath)\framework\include\touchgfx\canvas_widget_renderer\Cell.hpp">
      <Filter>Header Files\TouchGFX\touchgfx\canvas_widget_renderer</Filter>
    </ClInclude>
    <ClInclude Include="$(TouchGFXReleasePath)\framework\include\touchgfx\canvas_widget_renderer\Outline.hpp">
      <Filter>Header Files\TouchGFX\touchgfx\canvas_widget_renderer</Filter>
    </ClInclude>
    <ClInclude Include="$(TouchGFXReleasePath)\framework\include\touchgfx\canvas_widget_renderer\Rasterizer.hpp">
      <Filter>Header Files\TouchGFX\touchgfx\canvas_widget_renderer</Filter>
    </ClInclude>
    <ClInclude Include="$(TouchGFXReleasePath)\framework\include\touchgfx\canvas_widget_renderer\Renderer.hpp">
      <Filter>Header Files\TouchGFX\touchgfx\canvas_widget_renderer</Filter>
    </ClInclude>
    <ClInclude Include="$(TouchGFXReleasePath)\framework\include\touchgfx\canvas_widget_renderer\RenderingBuffer.hpp">
      <Filter>Header Files\TouchGFX\touchgfx\canvas_widget_renderer</Filter>
    </ClInclude>
    <ClInclude Include="$(TouchGFXReleasePath)\framework\include\touchgfx\canvas_widget_renderer\RGBA8.hpp">
      <Filter>Header Files\TouchGFX\touchgfx\canvas_widget_renderer</Filter>
    </ClInclude>
    <ClInclude Include="$(TouchGFXReleasePath)\framework\include\touchgfx\canvas_widget_renderer\Scanline.hpp">
      <Filter>Header Files\TouchGFX\touchgfx\canvas_widget_renderer</Filter>
    </ClInclude>
    <ClInclude Include="$(TouchGFXReleasePath)\framework\include\touchgfx\Color.hpp">
      <Filter>Header Files\TouchGFX\touchgfx</Filter>
    </ClInclude>
    <ClInclude Include="$(TouchGFXReleasePath)\framework\include\touchgfx\ConstFont.hpp">
      <Filter>Header Files\TouchGFX\touchgfx</Filter>
    </ClInclude>
    <ClInclude Include="$(TouchGFXReleasePath)\framework\include\touchgfx\containers\clock\AbstractClock.hpp">
      <Filter>Header Files\TouchGFX\touchgfx\containers\clock</Filter>
    </ClInclude>
    <ClInclude Include="$(TouchGFXReleasePath)\framework\include\touchgfx\containers\clock\AnalogClock.hpp">
      <Filter>Header Files\TouchGFX\touchgfx\containers\clock</Filter>
    </ClInclude>
    <ClInclude Include="$(TouchGFXReleasePath)\framework\include\touchgfx\containers\clock\DigitalClock.hpp">
      <Filter>Header Files\TouchGFX\touchgfx\containers\clock</Filter>
    </ClInclude>
    <ClInclude Include="$(TouchGFXReleasePath)\framework\include\touchgfx\containers\Container.hpp">
      <Filter>Header Files\TouchGFX\touchgfx\containers</Filter>
    </ClInclude>
    <ClInclude Include="$(TouchGFXReleasePath)\framework\include\touchgfx\containers\ListLayout.hpp">
      <Filter>Header Files\TouchGFX\touchgfx\containers</Filter>
    </ClInclude>
    <ClInclude Include="$(TouchGFXReleasePath)\framework\include\touchgfx\containers\ModalWindow.hpp">
      <Filter>Header Files\TouchGFX\touchgfx\containers</Filter>
    </ClInclude>
    <ClInclude Include="$(TouchGFXReleasePath)\framework\include\touchgfx\containers\progress_indicators\AbstractDirectionProgress.hpp">
      <Filter>Header Files\TouchGFX\touchgfx\containers\progress_indicators</Filter>
    </ClInclude>
    <ClInclude Include="$(TouchGFXReleasePath)\framework\include\touchgfx\containers\progress_indicators\AbstractProgressIndicator.hpp">
      <Filter>Header Files\TouchGFX\touchgfx\containers\progress_indicators</Filter>
    </ClInclude>
    <ClInclude Include="$(TouchGFXReleasePath)\framework\include\touchgfx\containers\progress_indicators\BoxProgress.hpp">
      <Filter>Header Files\TouchGFX\touchgfx\containers\progress_indicators</Filter>
    </ClInclude>
    <ClInclude Include="$(TouchGFXReleasePath)\framework\include\touchgfx\containers\progress_indicators\CircleProgress.hpp">
      <Filter>Header Files\TouchGFX\touchgfx\containers\progress_indicators</Filter>
    </ClInclude>
    <ClInclude Include="$(TouchGFXReleasePath)\framework\include\touchgfx\containers\progress_indicators\ImageProgress.hpp">
      <Filter>Header Files\TouchGFX\touchgfx\containers\progress_indicators</Filter>
    </ClInclude>
    <ClInclude Include="$(TouchGFXReleasePath)\framework\include\touchgfx\containers\progress_indicators\LineProgress.hpp">
      <Filter>Header Files\TouchGFX\touchgfx\containers\progress_indicators</Filter>
    </ClInclude>
    <ClInclude Include="$(TouchGFXReleasePath)\framework\include\touchgfx\containers\progress_indicators\TextProgress.hpp">
      <Filter>Header Files\TouchGFX\touchgfx\containers\progress_indicators</Filter>
    </ClInclude>
    <ClInclude Include="$(TouchGFXReleasePath)\framework\include\touchgfx\containers\ScrollableContainer.hpp">
      <Filter>Header Files\TouchGFX\touchgfx\containers</Filter>
    </ClInclude>
    <ClInclude Include="$(TouchGFXReleasePath)\framework\include\touchgfx\containers\SlideMenu.hpp">
      <Filter>Header Files\TouchGFX\touchgfx\containers</Filter>
    </ClInclude>
    <ClInclude Include="$(TouchGFXReleasePath)\framework\include\touchgfx\containers\Slider.hpp">
      <Filter>Header Files\TouchGFX\touchgfx\containers</Filter>
    </ClInclude>
    <ClInclude Include="$(TouchGFXReleasePath)\framework\include\touchgfx\containers\ZoomAnimationImage.hpp">
      <Filter>Header Files\TouchGFX\touchgfx\containers</Filter>
    </ClInclude>
    <ClInclude Include="$(TouchGFXReleasePath)\framework\include\touchgfx\Drawable.hpp">
      <Filter>Header Files\TouchGFX\touchgfx</Filter>
    </ClInclude>
    <ClInclude Include="$(TouchGFXReleasePath)\framework\include\touchgfx\EasingEquations.hpp">
      <Filter>Header Files\TouchGFX\touchgfx</Filter>
    </ClInclude>
    <ClInclude Include="$(TouchGFXReleasePath)\framework\include\touchgfx\Event.hpp">
      <Filter>Header Files\TouchGFX\touchgfx</Filter>
    </ClInclude>
    <ClInclude Include="$(TouchGFXReleasePath)\framework\include\touchgfx\events\ClickEvent.hpp">
      <Filter>Header Files\TouchGFX\touchgfx\events</Filter>
    </ClInclude>
    <ClInclude Include="$(TouchGFXReleasePath)\framework\include\touchgfx\events\DragEvent.hpp">
      <Filter>Header Files\TouchGFX\touchgfx\events</Filter>
    </ClInclude>
    <ClInclude Include="$(TouchGFXReleasePath)\framework\include\touchgfx\events\GestureEvent.hpp">
      <Filter>Header Files\TouchGFX\touchgfx\events</Filter>
    </ClInclude>
    <ClInclude Include="$(TouchGFXReleasePath)\framework\include\touchgfx\Font.hpp">
      <Filter>Header Files\TouchGFX\touchgfx</Filter>
    </ClInclude>
    <ClInclude Include="$(TouchGFXReleasePath)\framework\include\touchgfx\FontManager.hpp">
      <Filter>Header Files\TouchGFX\touchgfx</Filter>
    </ClInclude>
    <ClInclude Include="$(TouchGFXReleasePath)\framework\include\touchgfx\hal\Atomic.hpp">
      <Filter>Header Files\TouchGFX\touchgfx\hal</Filter>
    </ClInclude>
    <ClInclude Include="$(TouchGFXReleasePath)\framework\include\touchgfx\hal\BlitOp.hpp">
      <Filter>Header Files\TouchGFX\touchgfx\hal</Filter>
    </ClInclude>
    <ClInclude Include="$(TouchGFXReleasePath)\framework\include\touchgfx\hal\BoardConfiguration.hpp">
      <Filter>Header Files\TouchGFX\touchgfx\hal</Filter>
    </ClInclude>
    <ClInclude Include="$(TouchGFXReleasePath)\framework\include\touchgfx\hal\Buttons.hpp">
      <Filter>Header Files\TouchGFX\touchgfx\hal</Filter>
    </ClInclude>
    <ClInclude Include="$(TouchGFXReleasePath)\framework\include\touchgfx\hal\Config.hpp">
      <Filter>Header Files\TouchGFX\touchgfx\hal</Filter>
    </ClInclude>
    <ClInclude Include="$(TouchGFXReleasePath)\framework\include\touchgfx\hal\DMA.hpp">
      <Filter>Header Files\TouchGFX\touchgfx\hal</Filter>
    </ClInclude>
    <ClInclude Include="$(TouchGFXReleasePath)\framework\include\touchgfx\hal\Gestures.hpp">
      <Filter>Header Files\TouchGFX\touchgfx\hal</Filter>
    </ClInclude>
    <ClInclude Include="$(TouchGFXReleasePath)\framework\include\touchgfx\hal\GPIO.hpp">
      <Filter>Header Files\TouchGFX\touchgfx\hal</Filter>
    </ClInclude>
    <ClInclude Include="$(TouchGFXReleasePath)\framework\include\touchgfx\hal\HAL.hpp">
      <Filter>Header Files\TouchGFX\touchgfx\hal</Filter>
    </ClInclude>
    <ClInclude Include="$(TouchGFXReleasePath)\framework\include\touchgfx\hal\LED.hpp">
      <Filter>Header Files\TouchGFX\touchgfx\hal</Filter>
    </ClInclude>
    <ClInclude Include="$(TouchGFXReleasePath)\framework\include\touchgfx\hal\NoDMA.hpp">
      <Filter>Header Files\TouchGFX\touchgfx\hal</Filter>
    </ClInclude>
    <ClInclude Include="$(TouchGFXReleasePath)\framework\include\touchgfx\hal\OSWrappers.hpp">
      <Filter>Header Files\TouchGFX\touchgfx\hal</Filter>
    </ClInclude>
    <ClInclude Include="$(TouchGFXReleasePath)\framework\include\touchgfx\hal\Types.hpp">
      <Filter>Header Files\TouchGFX\touchgfx\hal</Filter>
    </ClInclude>
    <ClInclude Include="$(TouchGFXReleasePath)\framework\include\touchgfx\InternalFlashFont.hpp">
      <Filter>Header Files\TouchGFX\touchgfx</Filter>
    </ClInclude>
    <ClInclude Include="$(TouchGFXReleasePath)\framework\include\touchgfx\JSMOCHelper.hpp">
      <Filter>Header Files\TouchGFX\touchgfx</Filter>
    </ClInclude>
    <ClInclude Include="$(TouchGFXReleasePath)\framework\include\touchgfx\lcd\LCD.hpp">
      <Filter>Header Files\TouchGFX\touchgfx\lcd</Filter>
    </ClInclude>
    <ClInclude Include="$(TouchGFXReleasePath)\framework\include\touchgfx\Math3D.hpp">
      <Filter>Header Files\TouchGFX\touchgfx</Filter>
    </ClInclude>
    <ClInclude Include="$(TouchGFXReleasePath)\framework\include\touchgfx\mixins\ClickListener.hpp">
      <Filter>Header Files\TouchGFX\touchgfx\mixins</Filter>
    </ClInclude>
    <ClInclude Include="$(TouchGFXReleasePath)\framework\include\touchgfx\mixins\Draggable.hpp">
      <Filter>Header Files\TouchGFX\touchgfx\mixins</Filter>
    </ClInclude>
    <ClInclude Include="$(TouchGFXReleasePath)\framework\include\touchgfx\mixins\FadeAnimator.hpp">
      <Filter>Header Files\TouchGFX\touchgfx\mixins</Filter>
    </ClInclude>
    <ClInclude Include="$(TouchGFXReleasePath)\framework\include\touchgfx\mixins\MoveAnimator.hpp">
      <Filter>Header Files\TouchGFX\touchgfx\mixins</Filter>
    </ClInclude>
    <ClInclude Include="$(TouchGFXReleasePath)\framework\include\touchgfx\mixins\PreRenderable.hpp">
      <Filter>Header Files\TouchGFX\touchgfx\mixins</Filter>
    </ClInclude>
    <ClInclude Include="$(TouchGFXReleasePath)\framework\include\touchgfx\mixins\Snapper.hpp">
      <Filter>Header Files\TouchGFX\touchgfx\mixins</Filter>
    </ClInclude>
    <ClInclude Include="$(TouchGFXReleasePath)\framework\include\touchgfx\Screen.hpp">
      <Filter>Header Files\TouchGFX\touchgfx</Filter>
    </ClInclude>
    <ClInclude Include="$(TouchGFXReleasePath)\framework\include\touchgfx\TextProvider.hpp">
      <Filter>Header Files\TouchGFX\touchgfx</Filter>
    </ClInclude>
    <ClInclude Include="$(TouchGFXReleasePath)\framework\include\touchgfx\Texts.hpp">
      <Filter>Header Files\TouchGFX\touchgfx</Filter>
    </ClInclude>
    <ClInclude Include="$(TouchGFXReleasePath)\framework\include\touchgfx\TextureMapTypes.hpp">
      <Filter>Header Files\TouchGFX\touchgfx</Filter>
    </ClInclude>
    <ClInclude Include="$(TouchGFXReleasePath)\framework\include\touchgfx\transforms\DisplayTransformation.hpp">
      <Filter>Header Files\TouchGFX\touchgfx\transforms</Filter>
    </ClInclude>
    <ClInclude Include="$(TouchGFXReleasePath)\framework\include\touchgfx\transforms\TouchCalibration.hpp">
      <Filter>Header Files\TouchGFX\touchgfx\transforms</Filter>
    </ClInclude>
    <ClInclude Include="$(TouchGFXReleasePath)\framework\include\touchgfx\transitions\NoTransition.hpp">
      <Filter>Header Files\TouchGFX\touchgfx\transitions</Filter>
    </ClInclude>
    <ClInclude Include="$(TouchGFXReleasePath)\framework\include\touchgfx\transitions\SlideTransition.hpp">
      <Filter>Header Files\TouchGFX\touchgfx\transitions</Filter>
    </ClInclude>
    <ClInclude Include="$(TouchGFXReleasePath)\framework\include\touchgfx\transitions\Transition.hpp">
      <Filter>Header Files\TouchGFX\touchgfx\transitions</Filter>
    </ClInclude>
    <ClInclude Include="$(TouchGFXReleasePath)\framework\include\touchgfx\TypedText.hpp">
      <Filter>Header Files\TouchGFX\touchgfx</Filter>
    </ClInclude>
    <ClInclude Include="$(TouchGFXReleasePath)\framework\include\touchgfx\UIEventListener.hpp">
      <Filter>Header Files\TouchGFX\touchgfx</Filter>
    </ClInclude>
    <ClInclude Include="$(TouchGFXReleasePath)\framework\include\touchgfx\Unicode.hpp">
      <Filter>Header Files\TouchGFX\touchgfx</Filter>
    </ClInclude>
    <ClInclude Include="$(TouchGFXReleasePath)\framework\include\touchgfx\Utils.hpp">
      <Filter>Header Files\TouchGFX\touchgfx</Filter>
    </ClInclude>
    <ClInclude Include="$(TouchGFXReleasePath)\framework\include\touchgfx\widgets\AbstractButton.hpp">
      <Filter>Header Files\TouchGFX\touchgfx\widgets</Filter>
    </ClInclude>
    <ClInclude Include="$(TouchGFXReleasePath)\framework\include\touchgfx\widgets\AnimatedImage.hpp">
      <Filter>Header Files\TouchGFX\touchgfx\widgets</Filter>
    </ClInclude>
    <ClInclude Include="$(TouchGFXReleasePath)\framework\include\touchgfx\widgets\AnimationTextureMapper.hpp">
      <Filter>Header Files\TouchGFX\touchgfx\widgets</Filter>
    </ClInclude>
    <ClInclude Include="$(TouchGFXReleasePath)\framework\include\touchgfx\widgets\Box.hpp">
      <Filter>Header Files\TouchGFX\touchgfx\widgets</Filter>
    </ClInclude>
    <ClInclude Include="$(TouchGFXReleasePath)\framework\include\touchgfx\widgets\Button.hpp">
      <Filter>Header Files\TouchGFX\touchgfx\widgets</Filter>
    </ClInclude>
    <ClInclude Include="$(TouchGFXReleasePath)\framework\include\touchgfx\widgets\ButtonWithIcon.hpp">
      <Filter>Header Files\TouchGFX\touchgfx\widgets</Filter>
    </ClInclude>
    <ClInclude Include="$(TouchGFXReleasePath)\framework\include\touchgfx\widgets\ButtonWithLabel.hpp">
      <Filter>Header Files\TouchGFX\touchgfx\widgets</Filter>
    </ClInclude>
    <ClInclude Include="$(TouchGFXReleasePath)\framework\include\touchgfx\widgets\canvas\AbstractPainter.hpp">
      <Filter>Header Files\TouchGFX\touchgfx\widgets\canvas</Filter>
    </ClInclude>
    <ClInclude Include="$(TouchGFXReleasePath)\framework\include\touchgfx\widgets\canvas\AbstractPainterBW.hpp">
      <Filter>Header Files\TouchGFX\touchgfx\widgets\canvas</Filter>
    </ClInclude>
    <ClInclude Include="$(TouchGFXReleasePath)\framework\include\touchgfx\widgets\canvas\AbstractPainterGRAY2.hpp">
      <Filter>Header Files\TouchGFX\touchgfx\widgets\canvas</Filter>
    </ClInclude>
    <ClInclude Include="$(TouchGFXReleasePath)\framework\include\touchgfx\widgets\canvas\AbstractPainterGRAY4.hpp">
      <Filter>Header Files\TouchGFX\touchgfx\widgets\canvas</Filter>
    </ClInclude>
    <ClInclude Include="$(TouchGFXReleasePath)\framework\include\touchgfx\widgets\canvas\AbstractPainterRGB565.hpp">
      <Filter>Header Files\TouchGFX\touchgfx\widgets\canvas</Filter>
    </ClInclude>
    <ClInclude Include="$(TouchGFXReleasePath)\framework\include\touchgfx\widgets\canvas\AbstractPainterRGB888.hpp">
      <Filter>Header Files\TouchGFX\touchgfx\widgets\canvas</Filter>
    </ClInclude>
    <ClInclude Include="$(TouchGFXReleasePath)\framework\include\touchgfx\widgets\canvas\AbstractShape.hpp">
      <Filter>Header Files\TouchGFX\touchgfx\widgets\canvas</Filter>
    </ClInclude>
    <ClInclude Include="$(TouchGFXReleasePath)\framework\include\touchgfx\widgets\canvas\Canvas.hpp">
      <Filter>Header Files\TouchGFX\touchgfx\widgets\canvas</Filter>
    </ClInclude>
    <ClInclude Include="$(TouchGFXReleasePath)\framework\include\touchgfx\widgets\canvas\CanvasWidget.hpp">
      <Filter>Header Files\TouchGFX\touchgfx\widgets\canvas</Filter>
    </ClInclude>
    <ClInclude Include="$(TouchGFXReleasePath)\framework\include\touchgfx\widgets\canvas\Circle.hpp">
      <Filter>Header Files\TouchGFX\touchgfx\widgets\canvas</Filter>
    </ClInclude>
    <ClInclude Include="$(TouchGFXReleasePath)\framework\include\touchgfx\widgets\canvas\CWRUtil.hpp">
      <Filter>Header Files\TouchGFX\touchgfx\widgets\canvas</Filter>
    </ClInclude>
    <ClInclude Include="$(TouchGFXReleasePath)\framework\include\touchgfx\widgets\canvas\Line.hpp">
      <Filter>Header Files\TouchGFX\touchgfx\widgets\canvas</Filter>
    </ClInclude>
    <ClInclude Include="$(TouchGFXReleasePath)\framework\include\touchgfx\widgets\canvas\PainterBW.hpp">
      <Filter>Header Files\TouchGFX\touchgfx\widgets\canvas</Filter>
    </ClInclude>
    <ClInclude Include="$(TouchGFXReleasePath)\framework\include\touchgfx\widgets\canvas\PainterGRAY2.hpp">
      <Filter>Header Files\TouchGFX\touchgfx\widgets\canvas</Filter>
    </ClInclude>
    <ClInclude Include="$(TouchGFXReleasePath)\framework\include\touchgfx\widgets\canvas\PainterGRAY2Bitmap.hpp">
      <Filter>Header Files\TouchGFX\touchgfx\widgets\canvas</Filter>
    </ClInclude>
    <ClInclude Include="$(TouchGFXReleasePath)\framework\include\touchgfx\widgets\canvas\PainterGRAY4.hpp">
      <Filter>Header Files\TouchGFX\touchgfx\widgets\canvas</Filter>
    </ClInclude>
    <ClInclude Include="$(TouchGFXReleasePath)\framework\include\touchgfx\widgets\canvas\PainterGRAY4Bitmap.hpp">
      <Filter>Header Files\TouchGFX\touchgfx\widgets\canvas</Filter>
    </ClInclude>
    <ClInclude Include="$(TouchGFXReleasePath)\framework\include\touchgfx\widgets\canvas\PainterRGB565.hpp">
      <Filter>Header Files\TouchGFX\touchgfx\widgets\canvas</Filter>
    </ClInclude>
    <ClInclude Include="$(TouchGFXReleasePath)\framework\include\touchgfx\widgets\canvas\PainterRGB565Bitmap.hpp">
      <Filter>Header Files\TouchGFX\touchgfx\widgets\canvas</Filter>
    </ClInclude>
    <ClInclude Include="$(TouchGFXReleasePath)\framework\include\touchgfx\widgets\canvas\PainterRGB888.hpp">
      <Filter>Header Files\TouchGFX\touchgfx\widgets\canvas</Filter>
    </ClInclude>
    <ClInclude Include="$(TouchGFXReleasePath)\framework\include\touchgfx\widgets\canvas\PainterRGB888Bitmap.hpp">
      <Filter>Header Files\TouchGFX\touchgfx\widgets\canvas</Filter>
    </ClInclude>
    <ClInclude Include="$(TouchGFXReleasePath)\framework\include\touchgfx\widgets\canvas\Shape.hpp">
      <Filter>Header Files\TouchGFX\touchgfx\widgets\canvas</Filter>
    </ClInclude>
    <ClInclude Include="$(TouchGFXReleasePath)\framework\include\touchgfx\widgets\Image.hpp">
      <Filter>Header Files\TouchGFX\touchgfx\widgets</Filter>
    </ClInclude>
    <ClInclude Include="$(TouchGFXReleasePath)\framework\include\touchgfx\widgets\Keyboard.hpp">
      <Filter>Header Files\TouchGFX\touchgfx\widgets</Filter>
    </ClInclude>
    <ClInclude Include="$(TouchGFXReleasePath)\framework\include\touchgfx\widgets\PixelDataWidget.hpp">
      <Filter>Header Files\TouchGFX\touchgfx\widgets</Filter>
    </ClInclude>
    <ClInclude Include="$(TouchGFXReleasePath)\framework\include\touchgfx\widgets\RadioButton.hpp">
      <Filter>Header Files\TouchGFX\touchgfx\widgets</Filter>
    </ClInclude>
    <ClInclude Include="$(TouchGFXReleasePath)\framework\include\touchgfx\widgets\RadioButtonGroup.hpp">
      <Filter>Header Files\TouchGFX\touchgfx\widgets</Filter>
    </ClInclude>
    <ClInclude Include="$(TouchGFXReleasePath)\framework\include\touchgfx\widgets\RepeatButton.hpp">
      <Filter>Header Files\TouchGFX\touchgfx\widgets</Filter>
    </ClInclude>
    <ClInclude Include="$(TouchGFXReleasePath)\framework\include\touchgfx\widgets\ScalableImage.hpp">
      <Filter>Header Files\TouchGFX\touchgfx\widgets</Filter>
    </ClInclude>
    <ClInclude Include="$(TouchGFXReleasePath)\framework\include\touchgfx\widgets\SnapshotWidget.hpp">
      <Filter>Header Files\TouchGFX\touchgfx\widgets</Filter>
    </ClInclude>
    <ClInclude Include="$(TouchGFXReleasePath)\framework\include\touchgfx\widgets\TextArea.hpp">
      <Filter>Header Files\TouchGFX\touchgfx\widgets</Filter>
    </ClInclude>
    <ClInclude Include="$(TouchGFXReleasePath)\framework\include\touchgfx\widgets\TextAreaWithWildcard.hpp">
      <Filter>Header Files\TouchGFX\touchgfx\widgets</Filter>
    </ClInclude>
    <ClInclude Include="$(TouchGFXReleasePath)\framework\include\touchgfx\widgets\TextureMapper.hpp">
      <Filter>Header Files\TouchGFX\touchgfx\widgets</Filter>
    </ClInclude>
    <ClInclude Include="$(TouchGFXReleasePath)\framework\include\touchgfx\widgets\TiledImage.hpp">
      <Filter>Header Files\TouchGFX\touchgfx\widgets</Filter>
    </ClInclude>
    <ClInclude Include="$(TouchGFXReleasePath)\framework\include\touchgfx\widgets\ToggleButton.hpp">
      <Filter>Header Files\TouchGFX\touchgfx\widgets</Filter>
    </ClInclude>
    <ClInclude Include="$(TouchGFXReleasePath)\framework\include\touchgfx\widgets\TouchArea.hpp">
      <Filter>Header Files\TouchGFX\touchgfx\widgets</Filter>
    </ClInclude>
    <ClInclude Include="$(TouchGFXReleasePath)\framework\include\touchgfx\widgets\Widget.hpp">
      <Filter>Header Files\TouchGFX\touchgfx\widgets</Filter>
    </ClInclude>
    <ClInclude Include="$(ApplicationRoot)\generated\simulator\include\simulator\mainBase.hpp">
      <Filter>Header Files\generated\simulator</Filter>
    </ClInclude>
    <ClInclude Include="..\..\gui\include\gui\common\FrontendApplication.hpp">
      <Filter>Header Files\gui\common</Filter>
    </ClInclude>
    <ClInclude Include="..\..\generated\gui_generated\include\gui_generated\common\FrontendApplicationBase.hpp">
      <Filter>Header Files\generated\gui_generated\common</Filter>
    </ClInclude>
    <ClInclude Include="..\..\gui\include\gui\common\FrontendHeap.hpp">
      <Filter>Header Files\gui\common</Filter>
    </ClInclude>
    <ClInclude Include="..\..\generated\gui_generated\include\gui_generated\common\FrontendHeapBase.hpp">
      <Filter>Header Files\generated\gui_generated\common</Filter>
    </ClInclude>
    <ClInclude Include="..\..\gui\include\gui\model\Model.hpp">
      <Filter>Header Files\gui\model</Filter>
    </ClInclude>
    <ClInclude Include="..\..\gui\include\gui\model\ModelListener.hpp">
      <Filter>Header Files\gui\model</Filter>
    </ClInclude>
    <ClInclude Include="..\..\generated\gui_generated\include\gui_generated\common\SimConstants.hpp">
      <Filter>Header Files\generated\gui_generated\common</Filter>
    </ClInclude>
    <ClInclude Include="..\..\gui\include\gui\battery_screen\BatteryPresenter.hpp">
      <Filter>Header Files\gui\battery_screen</Filter>
    </ClInclude>
    <ClInclude Include="..\..\gui\include\gui\battery_screen\BatteryView.hpp">
      <Filter>Header Files\gui\battery_screen</Filter>
    </ClInclude>
    <ClInclude Include="..\..\generated\gui_generated\include\gui_generated\battery_screen\BatteryViewBase.hpp">
      <Filter>Header Files\generated\gui_generated\battery_screen</Filter>
    </ClInclude>
    <ClInclude Include="..\..\gui\include\gui\common\CustomKeyboard.hpp">
      <Filter>Header Files\gui\common</Filter>
    </ClInclude>
    <ClInclude Include="..\..\generated\simulator\include\simulator\video\DirectFrameBufferVideoController.hpp">
      <Filter>Header Files\generated\simulator\include\simulator\video</Filter>
    </ClInclude>
    <ClInclude Include="..\..\gui\include\gui\druglibrary_screen\DrugLibraryPresenter.hpp">
      <Filter>Header Files\gui\druglibrary_screen</Filter>
    </ClInclude>
    <ClInclude Include="..\..\gui\include\gui\druglibrary_screen\DrugLibraryView.hpp">
      <Filter>Header Files\gui\druglibrary_screen</Filter>
    </ClInclude>
    <ClInclude Include="..\..\generated\gui_generated\include\gui_generated\druglibrary_screen\DrugLibraryViewBase.hpp">
      <Filter>Header Files\generated\gui_generated\druglibrary_screen</Filter>
    </ClInclude>
    <ClInclude Include="..\..\gui\include\gui\common\KeyboardKeyMapping.hpp">
      <Filter>Header Files\gui\common</Filter>
    </ClInclude>
    <ClInclude Include="..\..\gui\include\gui\common\KeyboardLayout.hpp">
      <Filter>Header Files\gui\common</Filter>
    </ClInclude>
    <ClInclude Include="..\..\gui\include\gui\maintenance_screen\MaintenancePresenter.hpp">
      <Filter>Header Files\gui\maintenance_screen</Filter>
    </ClInclude>
    <ClInclude Include="..\..\gui\include\gui\maintenance_screen\MaintenanceView.hpp">
      <Filter>Header Files\gui\maintenance_screen</Filter>
    </ClInclude>
    <ClInclude Include="..\..\generated\gui_generated\include\gui_generated\maintenance_screen\MaintenanceViewBase.hpp">
      <Filter>Header Files\generated\gui_generated\maintenance_screen</Filter>
    </ClInclude>
    <ClInclude Include="..\..\gui\include\gui\manual_screen\ManualPresenter.hpp">
      <Filter>Header Files\gui\manual_screen</Filter>
    </ClInclude>
    <ClInclude Include="..\..\gui\include\gui\manual_screen\ManualView.hpp">
      <Filter>Header Files\gui\manual_screen</Filter>
    </ClInclude>
    <ClInclude Include="..\..\generated\gui_generated\include\gui_generated\manual_screen\ManualViewBase.hpp">
      <Filter>Header Files\generated\gui_generated\manual_screen</Filter>
    </ClInclude>
    <ClInclude Include="..\..\generated\simulator\include\simulator\video\MJPEGDecoder.hpp">
      <Filter>Header Files\generated\simulator\include\simulator\video</Filter>
    </ClInclude>
    <ClInclude Include="..\..\generated\simulator\include\simulator\video\SoftwareMJPEGDecoder.hpp">
      <Filter>Header Files\generated\simulator\include\simulator\video</Filter>
    </ClInclude>
    <ClInclude Include="..\..\gui\include\gui\containers\CustomContainer1.hpp">
      <Filter>Header Files\gui\containers</Filter>
    </ClInclude>
    <ClInclude Include="..\..\generated\gui_generated\include\gui_generated\containers\CustomContainer1Base.hpp">
      <Filter>Header Files\generated\gui_generated\containers</Filter>
    </ClInclude>
    <ClInclude Include="..\..\gui\include\gui\lockscreen_screen\LockScreenPresenter.hpp">
      <Filter>Header Files\gui\lockscreen_screen</Filter>
    </ClInclude>
    <ClInclude Include="..\..\gui\include\gui\lockscreen_screen\LockScreenView.hpp">
      <Filter>Header Files\gui\lockscreen_screen</Filter>
    </ClInclude>
    <ClInclude Include="..\..\generated\gui_generated\include\gui_generated\lockscreen_screen\LockScreenViewBase.hpp">
      <Filter>Header Files\generated\gui_generated\lockscreen_screen</Filter>
    </ClInclude>
    <ClInclude Include="..\..\gui\include\gui\settings_time_date_screen\Settings_Time_DatePresenter.hpp">
      <Filter>Header Files\gui\settings_time_date_screen</Filter>
    </ClInclude>
    <ClInclude Include="..\..\gui\include\gui\settings_time_date_screen\Settings_Time_DateView.hpp">
      <Filter>Header Files\gui\settings_time_date_screen</Filter>
    </ClInclude>
    <ClInclude Include="..\..\generated\gui_generated\include\gui_generated\settings_time_date_screen\Settings_Time_DateViewBase.hpp">
      <Filter>Header Files\generated\gui_generated\settings_time_date_screen</Filter>
    </ClInclude>
    <ClInclude Include="..\..\gui\include\gui\containers\Alarmlist.hpp">
      <Filter>Header Files\gui\containers</Filter>
    </ClInclude>
    <ClInclude Include="..\..\generated\gui_generated\include\gui_generated\containers\AlarmlistBase.hpp">
      <Filter>Header Files\generated\gui_generated\containers</Filter>
    </ClInclude>
    <ClInclude Include="..\..\gui\include\gui\alarmlist_screen\AlarmListPresenter.hpp">
      <Filter>Header Files\gui\alarmlist_screen</Filter>
    </ClInclude>
    <ClInclude Include="..\..\gui\include\gui\alarmlist_screen\AlarmListView.hpp">
      <Filter>Header Files\gui\alarmlist_screen</Filter>
    </ClInclude>
    <ClInclude Include="..\..\generated\gui_generated\include\gui_generated\alarmlist_screen\AlarmListViewBase.hpp">
      <Filter>Header Files\generated\gui_generated\alarmlist_screen</Filter>
    </ClInclude>
    <ClInclude Include="..\..\gui\include\gui\departement_screen\DepartementPresenter.hpp">
      <Filter>Header Files\gui\departement_screen</Filter>
    </ClInclude>
    <ClInclude Include="..\..\gui\include\gui\departement_screen\DepartementView.hpp">
      <Filter>Header Files\gui\departement_screen</Filter>
    </ClInclude>
    <ClInclude Include="..\..\generated\gui_generated\include\gui_generated\departement_screen\DepartementViewBase.hpp">
      <Filter>Header Files\generated\gui_generated\departement_screen</Filter>
    </ClInclude>
    <ClInclude Include="..\..\gui\include\gui\functiongeneration_screen\functiongenerationPresenter.hpp">
      <Filter>Header Files\gui\functiongeneration_screen</Filter>
    </ClInclude>
    <ClInclude Include="..\..\gui\include\gui\functiongeneration_screen\functiongenerationView.hpp">
      <Filter>Header Files\gui\functiongeneration_screen</Filter>
    </ClInclude>
    <ClInclude Include="..\..\generated\gui_generated\include\gui_generated\functiongeneration_screen\functiongenerationViewBase.hpp">
      <Filter>Header Files\generated\gui_generated\functiongeneration_screen</Filter>
    </ClInclude>
    <ClInclude Include="..\..\gui\include\gui\intro_1_screen\intro_1Presenter.hpp">
      <Filter>Header Files\gui\intro_1_screen</Filter>
    </ClInclude>
    <ClInclude Include="..\..\gui\include\gui\intro_1_screen\intro_1View.hpp">
      <Filter>Header Files\gui\intro_1_screen</Filter>
    </ClInclude>
    <ClInclude Include="..\..\generated\gui_generated\include\gui_generated\intro_1_screen\intro_1ViewBase.hpp">
      <Filter>Header Files\generated\gui_generated\intro_1_screen</Filter>
    </ClInclude>
    <ClInclude Include="..\..\gui\include\gui\intro_screen\introPresenter.hpp">
      <Filter>Header Files\gui\intro_screen</Filter>
    </ClInclude>
    <ClInclude Include="..\..\gui\include\gui\intro_screen\introView.hpp">
      <Filter>Header Files\gui\intro_screen</Filter>
    </ClInclude>
    <ClInclude Include="..\..\generated\gui_generated\include\gui_generated\intro_screen\introViewBase.hpp">
      <Filter>Header Files\generated\gui_generated\intro_screen</Filter>
    </ClInclude>
    <ClInclude Include="..\..\gui\include\gui\logscreen_screen\LogScreenPresenter.hpp">
      <Filter>Header Files\gui\logscreen_screen</Filter>
    </ClInclude>
    <ClInclude Include="..\..\gui\include\gui\logscreen_screen\LogScreenView.hpp">
      <Filter>Header Files\gui\logscreen_screen</Filter>
    </ClInclude>
    <ClInclude Include="..\..\generated\gui_generated\include\gui_generated\logscreen_screen\LogScreenViewBase.hpp">
      <Filter>Header Files\generated\gui_generated\logscreen_screen</Filter>
    </ClInclude>
    <ClInclude Include="..\..\gui\include\gui\mainscreen_withstart_screen\mainScreen_WithSTARTPresenter.hpp">
      <Filter>Header Files\gui\mainscreen_withstart_screen</Filter>
    </ClInclude>
    <ClInclude Include="..\..\gui\include\gui\mainscreen_withstart_screen\mainScreen_WithSTARTView.hpp">
      <Filter>Header Files\gui\mainscreen_withstart_screen</Filter>
    </ClInclude>
    <ClInclude Include="..\..\generated\gui_generated\include\gui_generated\mainscreen_withstart_screen\mainScreen_WithSTARTViewBase.hpp">
      <Filter>Header Files\generated\gui_generated\mainscreen_withstart_screen</Filter>
    </ClInclude>
    <ClInclude Include="..\..\gui\include\gui\new_paitent_screen\New_PaitentPresenter.hpp">
      <Filter>Header Files\gui\new_paitent_screen</Filter>
    </ClInclude>
    <ClInclude Include="..\..\gui\include\gui\new_paitent_screen\New_PaitentView.hpp">
      <Filter>Header Files\gui\new_paitent_screen</Filter>
    </ClInclude>
    <ClInclude Include="..\..\generated\gui_generated\include\gui_generated\new_paitent_screen\New_PaitentViewBase.hpp">
      <Filter>Header Files\generated\gui_generated\new_paitent_screen</Filter>
    </ClInclude>
    <ClInclude Include="..\..\gui\include\gui\oclusion_level_screen\Oclusion_levelPresenter.hpp">
      <Filter>Header Files\gui\oclusion_level_screen</Filter>
    </ClInclude>
    <ClInclude Include="..\..\gui\include\gui\oclusion_level_screen\Oclusion_levelView.hpp">
      <Filter>Header Files\gui\oclusion_level_screen</Filter>
    </ClInclude>
    <ClInclude Include="..\..\generated\gui_generated\include\gui_generated\oclusion_level_screen\Oclusion_levelViewBase.hpp">
      <Filter>Header Files\generated\gui_generated\oclusion_level_screen</Filter>
    </ClInclude>
    <ClInclude Include="..\..\gui\include\gui\containers\popup_Alert.hpp">
      <Filter>Header Files\gui\containers</Filter>
    </ClInclude>
    <ClInclude Include="..\..\generated\gui_generated\include\gui_generated\containers\popup_AlertBase.hpp">
      <Filter>Header Files\generated\gui_generated\containers</Filter>
    </ClInclude>
    <ClInclude Include="..\..\gui\include\gui\containers\popup_auto_diagnostic.hpp">
      <Filter>Header Files\gui\containers</Filter>
    </ClInclude>
    <ClInclude Include="..\..\generated\gui_generated\include\gui_generated\containers\popup_auto_diagnosticBase.hpp">
      <Filter>Header Files\generated\gui_generated\containers</Filter>
    </ClInclude>
    <ClInclude Include="..\..\gui\include\gui\containers\popup_Department.hpp">
      <Filter>Header Files\gui\containers</Filter>
    </ClInclude>
    <ClInclude Include="..\..\generated\gui_generated\include\gui_generated\containers\popup_DepartmentBase.hpp">
      <Filter>Header Files\generated\gui_generated\containers</Filter>
    </ClInclude>
    <ClInclude Include="..\..\gui\include\gui\containers\popup_Display_Mode.hpp">
      <Filter>Header Files\gui\containers</Filter>
    </ClInclude>
    <ClInclude Include="..\..\generated\gui_generated\include\gui_generated\containers\popup_Display_ModeBase.hpp">
      <Filter>Header Files\generated\gui_generated\containers</Filter>
    </ClInclude>
    <ClInclude Include="..\..\gui\include\gui\containers\popup_Dury_Library.hpp">
      <Filter>Header Files\gui\containers</Filter>
    </ClInclude>
    <ClInclude Include="..\..\generated\gui_generated\include\gui_generated\containers\popup_Dury_LibraryBase.hpp">
      <Filter>Header Files\generated\gui_generated\containers</Filter>
    </ClInclude>
    <ClInclude Include="..\..\gui\include\gui\containers\popup_History.hpp">
      <Filter>Header Files\gui\containers</Filter>
    </ClInclude>
    <ClInclude Include="..\..\generated\gui_generated\include\gui_generated\containers\popup_HistoryBase.hpp">
      <Filter>Header Files\generated\gui_generated\containers</Filter>
    </ClInclude>
    <ClInclude Include="..\..\gui\include\gui\containers\popup_Language.hpp">
      <Filter>Header Files\gui\containers</Filter>
    </ClInclude>
    <ClInclude Include="..\..\generated\gui_generated\include\gui_generated\containers\popup_LanguageBase.hpp">
      <Filter>Header Files\generated\gui_generated\containers</Filter>
    </ClInclude>
    <ClInclude Include="..\..\gui\include\gui\containers\popup_Manual.hpp">
      <Filter>Header Files\gui\containers</Filter>
    </ClInclude>
    <ClInclude Include="..\..\generated\gui_generated\include\gui_generated\containers\popup_ManualBase.hpp">
      <Filter>Header Files\generated\gui_generated\containers</Filter>
    </ClInclude>
    <ClInclude Include="..\..\gui\include\gui\containers\popup_Time_Date.hpp">
      <Filter>Header Files\gui\containers</Filter>
    </ClInclude>
    <ClInclude Include="..\..\generated\gui_generated\include\gui_generated\containers\popup_Time_DateBase.hpp">
      <Filter>Header Files\generated\gui_generated\containers</Filter>
    </ClInclude>
    <ClInclude Include="..\..\gui\include\gui\same_patient_screen\Same_PatientPresenter.hpp">
      <Filter>Header Files\gui\same_patient_screen</Filter>
    </ClInclude>
    <ClInclude Include="..\..\gui\include\gui\same_patient_screen\Same_PatientView.hpp">
      <Filter>Header Files\gui\same_patient_screen</Filter>
    </ClInclude>
    <ClInclude Include="..\..\generated\gui_generated\include\gui_generated\same_patient_screen\Same_PatientViewBase.hpp">
      <Filter>Header Files\generated\gui_generated\same_patient_screen</Filter>
    </ClInclude>
    <ClInclude Include="..\..\gui\include\gui\screenkeyboard_screen\ScreenKeyboardPresenter.hpp">
      <Filter>Header Files\gui\screenkeyboard_screen</Filter>
    </ClInclude>
    <ClInclude Include="..\..\gui\include\gui\screenkeyboard_screen\ScreenKeyboardView.hpp">
      <Filter>Header Files\gui\screenkeyboard_screen</Filter>
    </ClInclude>
    <ClInclude Include="..\..\generated\gui_generated\include\gui_generated\screenkeyboard_screen\ScreenKeyboardViewBase.hpp">
      <Filter>Header Files\generated\gui_generated\screenkeyboard_screen</Filter>
    </ClInclude>
    <ClInclude Include="..\..\gui\include\gui\screenselectdrug_screen\ScreenselectdrugPresenter.hpp">
      <Filter>Header Files\gui\screenselectdrug_screen</Filter>
    </ClInclude>
    <ClInclude Include="..\..\gui\include\gui\screenselectdrug_screen\ScreenselectdrugView.hpp">
      <Filter>Header Files\gui\screenselectdrug_screen</Filter>
    </ClInclude>
    <ClInclude Include="..\..\generated\gui_generated\include\gui_generated\screenselectdrug_screen\ScreenselectdrugViewBase.hpp">
      <Filter>Header Files\generated\gui_generated\screenselectdrug_screen</Filter>
    </ClInclude>
    <ClInclude Include="..\..\gui\include\gui\containers\Settings__screen.hpp">
      <Filter>Header Files\gui\containers</Filter>
    </ClInclude>
    <ClInclude Include="..\..\generated\gui_generated\include\gui_generated\containers\Settings__screenBase.hpp">
      <Filter>Header Files\generated\gui_generated\containers</Filter>
    </ClInclude>
    <ClInclude Include="..\..\gui\include\gui\settings__screen_screen\Settings__screenPresenter.hpp">
      <Filter>Header Files\gui\settings__screen_screen</Filter>
    </ClInclude>
    <ClInclude Include="..\..\gui\include\gui\settings__screen_screen\Settings__screenView.hpp">
      <Filter>Header Files\gui\settings__screen_screen</Filter>
    </ClInclude>
    <ClInclude Include="..\..\generated\gui_generated\include\gui_generated\settings__screen_screen\Settings__screenViewBase.hpp">
      <Filter>Header Files\generated\gui_generated\settings__screen_screen</Filter>
    </ClInclude>
    <ClInclude Include="..\..\gui\include\gui\specialmode_screen\SpecialModePresenter.hpp">
      <Filter>Header Files\gui\specialmode_screen</Filter>
    </ClInclude>
    <ClInclude Include="..\..\gui\include\gui\specialmode_screen\SpecialModeView.hpp">
      <Filter>Header Files\gui\specialmode_screen</Filter>
    </ClInclude>
    <ClInclude Include="..\..\generated\gui_generated\include\gui_generated\specialmode_screen\SpecialModeViewBase.hpp">
      <Filter>Header Files\generated\gui_generated\specialmode_screen</Filter>
    </ClInclude>
    <ClInclude Include="..\..\gui\include\gui\syringedetected_screen\syringedetectedPresenter.hpp">
      <Filter>Header Files\gui\syringedetected_screen</Filter>
    </ClInclude>
    <ClInclude Include="..\..\gui\include\gui\syringedetected_screen\syringedetectedView.hpp">
      <Filter>Header Files\gui\syringedetected_screen</Filter>
    </ClInclude>
    <ClInclude Include="..\..\generated\gui_generated\include\gui_generated\syringedetected_screen\syringedetectedViewBase.hpp">
      <Filter>Header Files\generated\gui_generated\syringedetected_screen</Filter>
    </ClInclude>
    <ClInclude Include="..\..\gui\include\gui\testversion_screen\testVersionPresenter.hpp">
      <Filter>Header Files\gui\testversion_screen</Filter>
    </ClInclude>
    <ClInclude Include="..\..\gui\include\gui\testversion_screen\testVersionView.hpp">
      <Filter>Header Files\gui\testversion_screen</Filter>
    </ClInclude>
    <ClInclude Include="..\..\generated\gui_generated\include\gui_generated\testversion_screen\testVersionViewBase.hpp">
      <Filter>Header Files\generated\gui_generated\testversion_screen</Filter>
    </ClInclude>
    <ClInclude Include="..\..\gui\include\gui\timeparam_screen\timeparamPresenter.hpp">
      <Filter>Header Files\gui\timeparam_screen</Filter>
    </ClInclude>
    <ClInclude Include="..\..\gui\include\gui\timeparam_screen\timeparamView.hpp">
      <Filter>Header Files\gui\timeparam_screen</Filter>
    </ClInclude>
    <ClInclude Include="..\..\generated\gui_generated\include\gui_generated\timeparam_screen\timeparamViewBase.hpp">
      <Filter>Header Files\generated\gui_generated\timeparam_screen</Filter>
    </ClInclude>
    <ClInclude Include="..\..\gui\include\gui\genderchoice_screen\GenderChoicePresenter.hpp">
      <Filter>Header Files\gui\genderchoice_screen</Filter>
    </ClInclude>
    <ClInclude Include="..\..\gui\include\gui\genderchoice_screen\GenderChoiceView.hpp">
      <Filter>Header Files\gui\genderchoice_screen</Filter>
    </ClInclude>
    <ClInclude Include="..\..\generated\gui_generated\include\gui_generated\genderchoice_screen\genderchoiceViewBase.hpp">
      <Filter>Header Files\generated\gui_generated\genderchoice_screen</Filter>
    </ClInclude>
    <ClInclude Include="..\..\gui\include\gui\keyboardnb_screen\KeyboardNbPresenter.hpp">
      <Filter>Header Files\gui\keyboardnb_screen</Filter>
    </ClInclude>
    <ClInclude Include="..\..\gui\include\gui\keyboardnb_screen\KeyboardNbView.hpp">
      <Filter>Header Files\gui\keyboardnb_screen</Filter>
    </ClInclude>
    <ClInclude Include="..\..\generated\gui_generated\include\gui_generated\keyboardnb_screen\KeyboardNBViewBase.hpp">
      <Filter>Header Files\generated\gui_generated\keyboardnb_screen</Filter>
    </ClInclude>
    <ClInclude Include="..\..\gui\include\gui\startup_screen\StartUpPresenter.hpp">
      <Filter>Header Files\gui\startup_screen</Filter>
    </ClInclude>
    <ClInclude Include="..\..\gui\include\gui\startup_screen\StartUpView.hpp">
      <Filter>Header Files\gui\startup_screen</Filter>
    </ClInclude>
    <ClInclude Include="..\..\generated\gui_generated\include\gui_generated\startup_screen\startupViewBase.hpp">
      <Filter>Header Files\generated\gui_generated\startup_screen</Filter>
    </ClInclude>
  </ItemGroup>
  <ItemGroup>
    <ResourceCompile Include="$(ApplicationRoot)\generated\simulator\touchgfx.rc">
      <Filter>Resource Files</Filter>
    </ResourceCompile>
  </ItemGroup>
</Project>
